
Microsoft Visual Studio Solution File, Format Version 12.00
# Visual Studio Version 17
VisualStudioVersion = 17.0.31903.59
MinimumVisualStudioVersion = 10.0.40219.1
Project("{2150E333-8FDC-42A3-9474-1A3956D46DE8}") = "src", "src", "{A1B2C3D4-E5F6-7890-ABCD-EF1234567890}"
EndProject
Project("{2150E333-8FDC-42A3-9474-1A3956D46DE8}") = "BuildingBlocks", "BuildingBlocks", "{B1C2D3E4-F5A6-7890-BCDE-F12345678901}"
EndProject
Project("{FAE04EC0-301F-11D3-BF4B-00C04F79EFBC}") = "BuildingBlocks.Domain", "src\BuildingBlocks\BuildingBlocks.Domain\BuildingBlocks.Domain.csproj", "{11111111-1111-1111-1111-111111111101}"
EndProject
Project("{FAE04EC0-301F-11D3-BF4B-00C04F79EFBC}") = "BuildingBlocks.Application", "src\BuildingBlocks\BuildingBlocks.Application\BuildingBlocks.Application.csproj", "{11111111-1111-1111-1111-111111111102}"
EndProject
Project("{FAE04EC0-301F-11D3-BF4B-00C04F79EFBC}") = "BuildingBlocks.Infrastructure", "src\BuildingBlocks\BuildingBlocks.Infrastructure\BuildingBlocks.Infrastructure.csproj", "{11111111-1111-1111-1111-111111111103}"
EndProject
Project("{FAE04EC0-301F-11D3-BF4B-00C04F79EFBC}") = "BuildingBlocks.Web", "src\BuildingBlocks\BuildingBlocks.Web\BuildingBlocks.Web.csproj", "{11111111-1111-1111-1111-111111111104}"
EndProject
Project("{FAE04EC0-301F-11D3-BF4B-00C04F79EFBC}") = "ApiHost", "src\ApiHost\ApiHost.csproj", "{51A891F3-9D8C-4994-80BA-3A0D788ACB9E}"
EndProject
Project("{2150E333-8FDC-42A3-9474-1A3956D46DE8}") = "Modules", "Modules", "{F90D6286-76AA-7CCF-75DB-5BF784F52E9C}"
EndProject
Project("{2150E333-8FDC-42A3-9474-1A3956D46DE8}") = "Identity", "Identity", "{DC0BA40B-519F-96C9-0F40-A7E0B78742CF}"
EndProject
Project("{FAE04EC0-301F-11D3-BF4B-00C04F79EFBC}") = "Identity.Api", "src\Modules\Identity\Identity.Api\Identity.Api.csproj", "{DB3E1DB9-303A-4F95-B904-ED70B47AEA50}"
EndProject
Project("{FAE04EC0-301F-11D3-BF4B-00C04F79EFBC}") = "Identity.Application", "src\Modules\Identity\Identity.Application\Identity.Application.csproj", "{08AA5961-EC71-4DBB-8BE4-B179EF12A292}"
EndProject
Project("{FAE04EC0-301F-11D3-BF4B-00C04F79EFBC}") = "Identity.Domain", "src\Modules\Identity\Identity.Domain\Identity.Domain.csproj", "{738583E2-EA09-47DD-8D47-331ED776B730}"
EndProject
Project("{FAE04EC0-301F-11D3-BF4B-00C04F79EFBC}") = "Identity.Infrastructure", "src\Modules\Identity\Identity.Infrastructure\Identity.Infrastructure.csproj", "{84FE6B09-A049-4862-99D4-C0EC77BA86C0}"
EndProject
Project("{2150E333-8FDC-42A3-9474-1A3956D46DE8}") = "Users", "Users", "{48D89D81-CB60-D266-9AE4-28E86273A196}"
EndProject
Project("{FAE04EC0-301F-11D3-BF4B-00C04F79EFBC}") = "Users.Api", "src\Modules\Users\Users.Api\Users.Api.csproj", "{AC742B42-11D0-4962-AF03-8B03F8BA7EE5}"
EndProject
Project("{FAE04EC0-301F-11D3-BF4B-00C04F79EFBC}") = "Users.Application", "src\Modules\Users\Users.Application\Users.Application.csproj", "{C89DCB2D-3E1F-4373-893C-EB431D27E95D}"
EndProject
Project("{FAE04EC0-301F-11D3-BF4B-00C04F79EFBC}") = "Users.Domain", "src\Modules\Users\Users.Domain\Users.Domain.csproj", "{9BB1B1FB-33D1-4FD8-9A63-584B78D23D76}"
EndProject
Project("{FAE04EC0-301F-11D3-BF4B-00C04F79EFBC}") = "Users.Infrastructure", "src\Modules\Users\Users.Infrastructure\Users.Infrastructure.csproj", "{ADBECB28-44AB-405E-81EE-BF8321F87868}"
EndProject
Project("{2150E333-8FDC-42A3-9474-1A3956D46DE8}") = "AuditLogs", "AuditLogs", "{009576B6-1559-549E-1C8E-E0852E5B8D0B}"
EndProject
Project("{FAE04EC0-301F-11D3-BF4B-00C04F79EFBC}") = "AuditLogs.Api", "src\Modules\AuditLogs\AuditLogs.Api\AuditLogs.Api.csproj", "{0B29E266-6C43-43C6-A0C2-25B975DC68CC}"
EndProject
Project("{FAE04EC0-301F-11D3-BF4B-00C04F79EFBC}") = "AuditLogs.Application", "src\Modules\AuditLogs\AuditLogs.Application\AuditLogs.Application.csproj", "{EB6C72DC-F1D6-4303-AF3C-D1047FD77429}"
EndProject
Project("{FAE04EC0-301F-11D3-BF4B-00C04F79EFBC}") = "AuditLogs.Domain", "src\Modules\AuditLogs\AuditLogs.Domain\AuditLogs.Domain.csproj", "{C3B22575-0E01-42F2-B9E0-C745D87CBD05}"
EndProject
Project("{FAE04EC0-301F-11D3-BF4B-00C04F79EFBC}") = "AuditLogs.Infrastructure", "src\Modules\AuditLogs\AuditLogs.Infrastructure\AuditLogs.Infrastructure.csproj", "{3A038697-E34E-4EAB-BD58-568F660B060B}"
EndProject
Project("{2150E333-8FDC-42A3-9474-1A3956D46DE8}") = "Categories", "Categories", "{DB485CB3-A9EA-4B1F-96F1-B7FB65715BF6}"
EndProject
Project("{FAE04EC0-301F-11D3-BF4B-00C04F79EFBC}") = "Categories.Domain", "src\Modules\Categories\Categories.Domain\Categories.Domain.csproj", "{310F9D2B-F6F8-4334-B87E-4233F5466DB8}"
EndProject
Project("{FAE04EC0-301F-11D3-BF4B-00C04F79EFBC}") = "Categories.Application", "src\Modules\Categories\Categories.Application\Categories.Application.csproj", "{C338C6B8-F0F5-4C25-934C-BA98144992D6}"
EndProject
Project("{FAE04EC0-301F-11D3-BF4B-00C04F79EFBC}") = "Categories.Infrastructure", "src\Modules\Categories\Categories.Infrastructure\Categories.Infrastructure.csproj", "{6EEA9E8C-C3B4-497B-9D16-DA94C2DD3F7B}"
EndProject
Project("{FAE04EC0-301F-11D3-BF4B-00C04F79EFBC}") = "Categories.Api", "src\Modules\Categories\Categories.Api\Categories.Api.csproj", "{7DA8EF76-49F1-438C-9A8F-B04E5203FD96}"
EndProject
Project("{2150E333-8FDC-42A3-9474-1A3956D46DE8}") = "Files", "Files", "{A59E83A5-F876-2CE3-4CCB-F6064E8A784A}"
EndProject
Project("{FAE04EC0-301F-11D3-BF4B-00C04F79EFBC}") = "Files.Domain", "src\Modules\Files\Files.Domain\Files.Domain.csproj", "{641B2B4E-C765-4151-A855-56036FA9845C}"
EndProject
Project("{FAE04EC0-301F-11D3-BF4B-00C04F79EFBC}") = "Files.Application", "src\Modules\Files\Files.Application\Files.Application.csproj", "{3C199263-9571-4C64-982E-6C58378D5A55}"
EndProject
Project("{FAE04EC0-301F-11D3-BF4B-00C04F79EFBC}") = "Files.Infrastructure", "src\Modules\Files\Files.Infrastructure\Files.Infrastructure.csproj", "{68A9DDBA-D05A-4ACF-975C-AC36E648288A}"
EndProject
Project("{FAE04EC0-301F-11D3-BF4B-00C04F79EFBC}") = "Files.Api", "src\Modules\Files\Files.Api\Files.Api.csproj", "{01A25120-5BDF-44E6-8F4C-406BCC81C312}"
EndProject
Project("{2150E333-8FDC-42A3-9474-1A3956D46DE8}") = "Notifications", "Notifications", "{90669BC6-A6D9-0B12-498D-11C6A4AF6AB1}"
EndProject
Project("{FAE04EC0-301F-11D3-BF4B-00C04F79EFBC}") = "Notifications.Domain", "src\Modules\Notifications\Notifications.Domain\Notifications.Domain.csproj", "{3DEED827-A2C6-4EBE-BC24-E29550A6656A}"
EndProject
Project("{FAE04EC0-301F-11D3-BF4B-00C04F79EFBC}") = "Notifications.Application", "src\Modules\Notifications\Notifications.Application\Notifications.Application.csproj", "{69F4B313-3C8F-41CA-A500-A2960A35447B}"
EndProject
Project("{FAE04EC0-301F-11D3-BF4B-00C04F79EFBC}") = "Notifications.Infrastructure", "src\Modules\Notifications\Notifications.Infrastructure\Notifications.Infrastructure.csproj", "{948860B6-634B-4538-9323-D85FB322591E}"
EndProject
Project("{FAE04EC0-301F-11D3-BF4B-00C04F79EFBC}") = "Notifications.Api", "src\Modules\Notifications\Notifications.Api\Notifications.Api.csproj", "{0E157AA4-F403-4CB2-A59A-ABF9FA8BA14E}"
EndProject
Project("{FAE04EC0-301F-11D3-BF4B-00C04F79EFBC}") = "Notifications.Application.Tests", "src\Modules\Notifications\Notifications.Application.Tests\Notifications.Application.Tests.csproj", "{372703E3-4E56-4A44-89B2-CBEC7C8463C2}"
EndProject
Project("{2150E333-8FDC-42A3-9474-1A3956D46DE8}") = "Modules", "Modules", "{CA253913-39DE-BFD0-C9A3-4B7EC6FBDF17}"
EndProject
Project("{2150E333-8FDC-42A3-9474-1A3956D46DE8}") = "BackgroundJobs", "BackgroundJobs", "{50C5872D-E70C-DE6E-5E04-976BA9BECEBF}"
EndProject
Project("{FAE04EC0-301F-11D3-BF4B-00C04F79EFBC}") = "BackgroundJobs.Domain", "src\Modules\BackgroundJobs\BackgroundJobs.Domain\BackgroundJobs.Domain.csproj", "{A2AAF0C8-516C-4B9D-959F-2DC2220A3F68}"
EndProject
Project("{FAE04EC0-301F-11D3-BF4B-00C04F79EFBC}") = "BackgroundJobs.Application", "src\Modules\BackgroundJobs\BackgroundJobs.Application\BackgroundJobs.Application.csproj", "{11DC89DF-6D07-4549-A788-4D3BE0BF932A}"
EndProject
Project("{FAE04EC0-301F-11D3-BF4B-00C04F79EFBC}") = "BackgroundJobs.Infrastructure", "src\Modules\BackgroundJobs\BackgroundJobs.Infrastructure\BackgroundJobs.Infrastructure.csproj", "{3125AAC4-01A6-4992-888C-D934D1167D38}"
EndProject
Project("{FAE04EC0-301F-11D3-BF4B-00C04F79EFBC}") = "BackgroundJobs.Api", "src\Modules\BackgroundJobs\BackgroundJobs.Api\BackgroundJobs.Api.csproj", "{D57B5D06-8700-4B02-8B3E-A14C885B5730}"
EndProject
Project("{FAE04EC0-301F-11D3-BF4B-00C04F79EFBC}") = "BackgroundJobs.Application.Tests", "src\Modules\BackgroundJobs\BackgroundJobs.Application.Tests\BackgroundJobs.Application.Tests.csproj", "{59B00ECF-9E73-4384-AA6C-5B4ACE2EFEEC}"
EndProject
Project("{FAE04EC0-301F-11D3-BF4B-00C04F79EFBC}") = "BuildingBlocks.Infrastructure.Tests", "src\BuildingBlocks\BuildingBlocks.Infrastructure.Tests\BuildingBlocks.Infrastructure.Tests.csproj", "{35FAEE0C-3536-4C26-B8AF-127DF9217EE7}"
EndProject
Project("{2150E333-8FDC-42A3-9474-1A3956D46DE8}") = "Monitoring", "Monitoring", "{F56ADE14-6F73-1AB9-73F1-9523CD9B0B52}"
EndProject
Project("{FAE04EC0-301F-11D3-BF4B-00C04F79EFBC}") = "Monitoring.Application", "src\Modules\Monitoring\Monitoring.Application\Monitoring.Application.csproj", "{F63799A9-585F-4672-A1E0-F1A0D71F86D2}"
EndProject
Project("{FAE04EC0-301F-11D3-BF4B-00C04F79EFBC}") = "Monitoring.Infrastructure", "src\Modules\Monitoring\Monitoring.Infrastructure\Monitoring.Infrastructure.csproj", "{5EF0916D-A608-4571-9A57-3E2EC0934384}"
EndProject
Project("{2150E333-8FDC-42A3-9474-1A3956D46DE8}") = "BackgroundJobs", "BackgroundJobs", "{DAA3D59F-91A7-5830-D8D2-386728AEED93}"
EndProject
Project("{FAE04EC0-301F-11D3-BF4B-00C04F79EFBC}") = "Monitoring.Api", "src\Modules\Monitoring\Monitoring.Api\Monitoring.Api.csproj", "{808BB14A-3133-4CF9-A7AA-DB28D49943F5}"
EndProject
Project("{FAE04EC0-301F-11D3-BF4B-00C04F79EFBC}") = "Monitoring.Infrastructure.Tests", "src\Modules\Monitoring\Monitoring.Infrastructure.Tests\Monitoring.Infrastructure.Tests.csproj", "{8A065035-60FE-4141-8644-49468F7AFED5}"
EndProject
Project("{FAE04EC0-301F-11D3-BF4B-00C04F79EFBC}") = "BuildingBlocks.Testing", "src\BuildingBlocks\BuildingBlocks.Testing\BuildingBlocks.Testing.csproj", "{AFCC68AA-5149-4A9C-9B5E-07324541C310}"
EndProject
Project("{FAE04EC0-301F-11D3-BF4B-00C04F79EFBC}") = "BuildingBlocks.Application.Tests", "src\BuildingBlocks\BuildingBlocks.Application.Tests\BuildingBlocks.Application.Tests.csproj", "{966B64F3-9C6F-4CDF-AD7B-0BA699FE36AC}"
EndProject
Project("{FAE04EC0-301F-11D3-BF4B-00C04F79EFBC}") = "BuildingBlocks.Web.Tests", "src\BuildingBlocks\BuildingBlocks.Web.Tests\BuildingBlocks.Web.Tests.csproj", "{4DE4BF53-89DC-4035-88D6-CD7983FFFED7}"
EndProject
Project("{FAE04EC0-301F-11D3-BF4B-00C04F79EFBC}") = "Identity.Application.Tests", "src\Modules\Identity\Identity.Application.Tests\Identity.Application.Tests.csproj", "{BDEBC299-A0B2-42BA-8CA7-15136BB5B745}"
EndProject
Project("{FAE04EC0-301F-11D3-BF4B-00C04F79EFBC}") = "Categories.Infrastructure.Tests", "src\Modules\Categories\Categories.Infrastructure.Tests\Categories.Infrastructure.Tests.csproj", "{86FCFEB2-A8B3-4A79-8AD2-B324A2D90240}"
EndProject
Project("{FAE04EC0-301F-11D3-BF4B-00C04F79EFBC}") = "Files.Application.Tests", "src\Modules\Files\Files.Application.Tests\Files.Application.Tests.csproj", "{E76790DE-A7E2-49EF-A9AD-AC5AA8BAAA28}"
EndProject
Project("{FAE04EC0-301F-11D3-BF4B-00C04F79EFBC}") = "Files.Infrastructure.Tests", "src\Modules\Files\Files.Infrastructure.Tests\Files.Infrastructure.Tests.csproj", "{2368C639-B46E-4EAE-AE04-2CABFE1276A0}"
EndProject
Project("{FAE04EC0-301F-11D3-BF4B-00C04F79EFBC}") = "Notifications.Infrastructure.Tests", "src\Modules\Notifications\Notifications.Infrastructure.Tests\Notifications.Infrastructure.Tests.csproj", "{3F251AE5-1B69-4394-BBF7-5990C7F7E262}"
EndProject
Project("{FAE04EC0-301F-11D3-BF4B-00C04F79EFBC}") = "BackgroundJobs.Infrastructure.Tests", "src\Modules\BackgroundJobs\BackgroundJobs.Infrastructure.Tests\BackgroundJobs.Infrastructure.Tests.csproj", "{84EE3227-35B7-4792-8613-EDF4084846BB}"
EndProject
Project("{2150E333-8FDC-42A3-9474-1A3956D46DE8}") = "ApiHost Apps", "ApiHost Apps", "{5B855C33-080D-4028-276A-B40FA461907E}"
EndProject
Project("{FAE04EC0-301F-11D3-BF4B-00C04F79EFBC}") = "ApiHost.IntegrationTests", "src\ApiHost\ApiHost.IntegrationTests\ApiHost.IntegrationTests.csproj", "{39350130-53A0-4AAA-A7BE-D0A2AA5C21FB}"
EndProject
Project("{2150E333-8FDC-42A3-9474-1A3956D46DE8}") = "Dosc", "Dosc", "{02EA681E-C7D8-13C7-8484-4AC65E1B71E8}"
	ProjectSection(SolutionItems) = preProject
		docs\API_CONVENTIONS.md = docs\API_CONVENTIONS.md
		docs\ARCHITECTURE.md = docs\ARCHITECTURE.md
		docs\AUTHENTICATION.md = docs\AUTHENTICATION.md
		docs\AUTHORIZATION.md = docs\AUTHORIZATION.md
		docs\BACKGROUND_JOBS.md = docs\BACKGROUND_JOBS.md
		docs\CACHING.md = docs\CACHING.md
		docs\ERROR_CODES.md = docs\ERROR_CODES.md
		docs\FILES.md = docs\FILES.md
		docs\LOCAL_DEVELOPMENT.md = docs\LOCAL_DEVELOPMENT.md
		docs\MODULES.md = docs\MODULES.md
		docs\MODULE_DEVELOPMENT_GUIDE.md = docs\MODULE_DEVELOPMENT_GUIDE.md
		docs\MONITORING.md = docs\MONITORING.md
		docs\NOTIFICATIONS.md = docs\NOTIFICATIONS.md
		docs\PAGINATION.md = docs\PAGINATION.md
		docs\POST_COMMIT_HOOKS.md = docs\POST_COMMIT_HOOKS.md
		docs\PRODUCTION_DEPLOYMENT.md = docs\PRODUCTION_DEPLOYMENT.md
		docs\README.md = docs\README.md
		docs\TESTING_GUIDE.md = docs\TESTING_GUIDE.md
		docs\TROUBLESHOOTING.md = docs\TROUBLESHOOTING.md
	EndProjectSection
EndProject
Project("{2150E333-8FDC-42A3-9474-1A3956D46DE8}") = "Rule", "Rule", "{62BA4111-E58B-435F-A61E-7EB37D557031}"
	ProjectSection(SolutionItems) = preProject
		docs\BUSINESS_MODULE_RULES.md = docs\BUSINESS_MODULE_RULES.md
		docs\BUSINESS_MODULE_WORKFLOW_GUIDE.md = docs\BUSINESS_MODULE_WORKFLOW_GUIDE.md
	EndProjectSection
EndProject
Project("{2150E333-8FDC-42A3-9474-1A3956D46DE8}") = "Settings", "Settings", "{A86BC29A-15CF-6900-A89B-28314576A9B2}"
EndProject
Project("{FAE04EC0-301F-11D3-BF4B-00C04F79EFBC}") = "Settings.Domain", "src\Modules\Settings\Settings.Domain\Settings.Domain.csproj", "{25B2503F-6251-429E-A83B-DB0B3D0E4088}"
EndProject
Project("{FAE04EC0-301F-11D3-BF4B-00C04F79EFBC}") = "Settings.Application", "src\Modules\Settings\Settings.Application\Settings.Application.csproj", "{624C2582-A9C3-45E8-B534-C7C0AE96394E}"
EndProject
Project("{FAE04EC0-301F-11D3-BF4B-00C04F79EFBC}") = "Settings.Infrastructure", "src\Modules\Settings\Settings.Infrastructure\Settings.Infrastructure.csproj", "{B2F30D52-C33E-46AE-80D1-8A2513763591}"
EndProject
Project("{FAE04EC0-301F-11D3-BF4B-00C04F79EFBC}") = "Settings.Api", "src\Modules\Settings\Settings.Api\Settings.Api.csproj", "{1D22A208-5C67-4307-8EF2-A896558EE63D}"
EndProject
Project("{FAE04EC0-301F-11D3-BF4B-00C04F79EFBC}") = "Settings.Infrastructure.Tests", "src\Modules\Settings\Settings.Infrastructure.Tests\Settings.Infrastructure.Tests.csproj", "{57EA4645-2E71-434D-9F01-291424197E4F}"
EndProject
Global
	GlobalSection(SolutionConfigurationPlatforms) = preSolution
		Debug|Any CPU = Debug|Any CPU
		Debug|x64 = Debug|x64
		Debug|x86 = Debug|x86
		Release|Any CPU = Release|Any CPU
		Release|x64 = Release|x64
		Release|x86 = Release|x86
	EndGlobalSection
	GlobalSection(ProjectConfigurationPlatforms) = postSolution
		{11111111-1111-1111-1111-111111111101}.Debug|Any CPU.ActiveCfg = Debug|Any CPU
		{11111111-1111-1111-1111-111111111101}.Debug|Any CPU.Build.0 = Debug|Any CPU
		{11111111-1111-1111-1111-111111111101}.Debug|x64.ActiveCfg = Debug|Any CPU
		{11111111-1111-1111-1111-111111111101}.Debug|x64.Build.0 = Debug|Any CPU
		{11111111-1111-1111-1111-111111111101}.Debug|x86.ActiveCfg = Debug|Any CPU
		{11111111-1111-1111-1111-111111111101}.Debug|x86.Build.0 = Debug|Any CPU
		{11111111-1111-1111-1111-111111111101}.Release|Any CPU.ActiveCfg = Release|Any CPU
		{11111111-1111-1111-1111-111111111101}.Release|Any CPU.Build.0 = Release|Any CPU
		{11111111-1111-1111-1111-111111111101}.Release|x64.ActiveCfg = Release|Any CPU
		{11111111-1111-1111-1111-111111111101}.Release|x64.Build.0 = Release|Any CPU
		{11111111-1111-1111-1111-111111111101}.Release|x86.ActiveCfg = Release|Any CPU
		{11111111-1111-1111-1111-111111111101}.Release|x86.Build.0 = Release|Any CPU
		{11111111-1111-1111-1111-111111111102}.Debug|Any CPU.ActiveCfg = Debug|Any CPU
		{11111111-1111-1111-1111-111111111102}.Debug|Any CPU.Build.0 = Debug|Any CPU
		{11111111-1111-1111-1111-111111111102}.Debug|x64.ActiveCfg = Debug|Any CPU
		{11111111-1111-1111-1111-111111111102}.Debug|x64.Build.0 = Debug|Any CPU
		{11111111-1111-1111-1111-111111111102}.Debug|x86.ActiveCfg = Debug|Any CPU
		{11111111-1111-1111-1111-111111111102}.Debug|x86.Build.0 = Debug|Any CPU
		{11111111-1111-1111-1111-111111111102}.Release|Any CPU.ActiveCfg = Release|Any CPU
		{11111111-1111-1111-1111-111111111102}.Release|Any CPU.Build.0 = Release|Any CPU
		{11111111-1111-1111-1111-111111111102}.Release|x64.ActiveCfg = Release|Any CPU
		{11111111-1111-1111-1111-111111111102}.Release|x64.Build.0 = Release|Any CPU
		{11111111-1111-1111-1111-111111111102}.Release|x86.ActiveCfg = Release|Any CPU
		{11111111-1111-1111-1111-111111111102}.Release|x86.Build.0 = Release|Any CPU
		{11111111-1111-1111-1111-111111111103}.Debug|Any CPU.ActiveCfg = Debug|Any CPU
		{11111111-1111-1111-1111-111111111103}.Debug|Any CPU.Build.0 = Debug|Any CPU
		{11111111-1111-1111-1111-111111111103}.Debug|x64.ActiveCfg = Debug|Any CPU
		{11111111-1111-1111-1111-111111111103}.Debug|x64.Build.0 = Debug|Any CPU
		{11111111-1111-1111-1111-111111111103}.Debug|x86.ActiveCfg = Debug|Any CPU
		{11111111-1111-1111-1111-111111111103}.Debug|x86.Build.0 = Debug|Any CPU
		{11111111-1111-1111-1111-111111111103}.Release|Any CPU.ActiveCfg = Release|Any CPU
		{11111111-1111-1111-1111-111111111103}.Release|Any CPU.Build.0 = Release|Any CPU
		{11111111-1111-1111-1111-111111111103}.Release|x64.ActiveCfg = Release|Any CPU
		{11111111-1111-1111-1111-111111111103}.Release|x64.Build.0 = Release|Any CPU
		{11111111-1111-1111-1111-111111111103}.Release|x86.ActiveCfg = Release|Any CPU
		{11111111-1111-1111-1111-111111111103}.Release|x86.Build.0 = Release|Any CPU
		{11111111-1111-1111-1111-111111111104}.Debug|Any CPU.ActiveCfg = Debug|Any CPU
		{11111111-1111-1111-1111-111111111104}.Debug|Any CPU.Build.0 = Debug|Any CPU
		{11111111-1111-1111-1111-111111111104}.Debug|x64.ActiveCfg = Debug|Any CPU
		{11111111-1111-1111-1111-111111111104}.Debug|x64.Build.0 = Debug|Any CPU
		{11111111-1111-1111-1111-111111111104}.Debug|x86.ActiveCfg = Debug|Any CPU
		{11111111-1111-1111-1111-111111111104}.Debug|x86.Build.0 = Debug|Any CPU
		{11111111-1111-1111-1111-111111111104}.Release|Any CPU.ActiveCfg = Release|Any CPU
		{11111111-1111-1111-1111-111111111104}.Release|Any CPU.Build.0 = Release|Any CPU
		{11111111-1111-1111-1111-111111111104}.Release|x64.ActiveCfg = Release|Any CPU
		{11111111-1111-1111-1111-111111111104}.Release|x64.Build.0 = Release|Any CPU
		{11111111-1111-1111-1111-111111111104}.Release|x86.ActiveCfg = Release|Any CPU
		{11111111-1111-1111-1111-111111111104}.Release|x86.Build.0 = Release|Any CPU
		{51A891F3-9D8C-4994-80BA-3A0D788ACB9E}.Debug|Any CPU.ActiveCfg = Debug|Any CPU
		{51A891F3-9D8C-4994-80BA-3A0D788ACB9E}.Debug|Any CPU.Build.0 = Debug|Any CPU
		{51A891F3-9D8C-4994-80BA-3A0D788ACB9E}.Debug|x64.ActiveCfg = Debug|Any CPU
		{51A891F3-9D8C-4994-80BA-3A0D788ACB9E}.Debug|x64.Build.0 = Debug|Any CPU
		{51A891F3-9D8C-4994-80BA-3A0D788ACB9E}.Debug|x86.ActiveCfg = Debug|Any CPU
		{51A891F3-9D8C-4994-80BA-3A0D788ACB9E}.Debug|x86.Build.0 = Debug|Any CPU
		{51A891F3-9D8C-4994-80BA-3A0D788ACB9E}.Release|Any CPU.ActiveCfg = Release|Any CPU
		{51A891F3-9D8C-4994-80BA-3A0D788ACB9E}.Release|Any CPU.Build.0 = Release|Any CPU
		{51A891F3-9D8C-4994-80BA-3A0D788ACB9E}.Release|x64.ActiveCfg = Release|Any CPU
		{51A891F3-9D8C-4994-80BA-3A0D788ACB9E}.Release|x64.Build.0 = Release|Any CPU
		{51A891F3-9D8C-4994-80BA-3A0D788ACB9E}.Release|x86.ActiveCfg = Release|Any CPU
		{51A891F3-9D8C-4994-80BA-3A0D788ACB9E}.Release|x86.Build.0 = Release|Any CPU
		{DB3E1DB9-303A-4F95-B904-ED70B47AEA50}.Debug|Any CPU.ActiveCfg = Debug|Any CPU
		{DB3E1DB9-303A-4F95-B904-ED70B47AEA50}.Debug|Any CPU.Build.0 = Debug|Any CPU
		{DB3E1DB9-303A-4F95-B904-ED70B47AEA50}.Debug|x64.ActiveCfg = Debug|Any CPU
		{DB3E1DB9-303A-4F95-B904-ED70B47AEA50}.Debug|x64.Build.0 = Debug|Any CPU
		{DB3E1DB9-303A-4F95-B904-ED70B47AEA50}.Debug|x86.ActiveCfg = Debug|Any CPU
		{DB3E1DB9-303A-4F95-B904-ED70B47AEA50}.Debug|x86.Build.0 = Debug|Any CPU
		{DB3E1DB9-303A-4F95-B904-ED70B47AEA50}.Release|Any CPU.ActiveCfg = Release|Any CPU
		{DB3E1DB9-303A-4F95-B904-ED70B47AEA50}.Release|Any CPU.Build.0 = Release|Any CPU
		{DB3E1DB9-303A-4F95-B904-ED70B47AEA50}.Release|x64.ActiveCfg = Release|Any CPU
		{DB3E1DB9-303A-4F95-B904-ED70B47AEA50}.Release|x64.Build.0 = Release|Any CPU
		{DB3E1DB9-303A-4F95-B904-ED70B47AEA50}.Release|x86.ActiveCfg = Release|Any CPU
		{DB3E1DB9-303A-4F95-B904-ED70B47AEA50}.Release|x86.Build.0 = Release|Any CPU
		{08AA5961-EC71-4DBB-8BE4-B179EF12A292}.Debug|Any CPU.ActiveCfg = Debug|Any CPU
		{08AA5961-EC71-4DBB-8BE4-B179EF12A292}.Debug|Any CPU.Build.0 = Debug|Any CPU
		{08AA5961-EC71-4DBB-8BE4-B179EF12A292}.Debug|x64.ActiveCfg = Debug|Any CPU
		{08AA5961-EC71-4DBB-8BE4-B179EF12A292}.Debug|x64.Build.0 = Debug|Any CPU
		{08AA5961-EC71-4DBB-8BE4-B179EF12A292}.Debug|x86.ActiveCfg = Debug|Any CPU
		{08AA5961-EC71-4DBB-8BE4-B179EF12A292}.Debug|x86.Build.0 = Debug|Any CPU
		{08AA5961-EC71-4DBB-8BE4-B179EF12A292}.Release|Any CPU.ActiveCfg = Release|Any CPU
		{08AA5961-EC71-4DBB-8BE4-B179EF12A292}.Release|Any CPU.Build.0 = Release|Any CPU
		{08AA5961-EC71-4DBB-8BE4-B179EF12A292}.Release|x64.ActiveCfg = Release|Any CPU
		{08AA5961-EC71-4DBB-8BE4-B179EF12A292}.Release|x64.Build.0 = Release|Any CPU
		{08AA5961-EC71-4DBB-8BE4-B179EF12A292}.Release|x86.ActiveCfg = Release|Any CPU
		{08AA5961-EC71-4DBB-8BE4-B179EF12A292}.Release|x86.Build.0 = Release|Any CPU
		{738583E2-EA09-47DD-8D47-331ED776B730}.Debug|Any CPU.ActiveCfg = Debug|Any CPU
		{738583E2-EA09-47DD-8D47-331ED776B730}.Debug|Any CPU.Build.0 = Debug|Any CPU
		{738583E2-EA09-47DD-8D47-331ED776B730}.Debug|x64.ActiveCfg = Debug|Any CPU
		{738583E2-EA09-47DD-8D47-331ED776B730}.Debug|x64.Build.0 = Debug|Any CPU
		{738583E2-EA09-47DD-8D47-331ED776B730}.Debug|x86.ActiveCfg = Debug|Any CPU
		{738583E2-EA09-47DD-8D47-331ED776B730}.Debug|x86.Build.0 = Debug|Any CPU
		{738583E2-EA09-47DD-8D47-331ED776B730}.Release|Any CPU.ActiveCfg = Release|Any CPU
		{738583E2-EA09-47DD-8D47-331ED776B730}.Release|Any CPU.Build.0 = Release|Any CPU
		{738583E2-EA09-47DD-8D47-331ED776B730}.Release|x64.ActiveCfg = Release|Any CPU
		{738583E2-EA09-47DD-8D47-331ED776B730}.Release|x64.Build.0 = Release|Any CPU
		{738583E2-EA09-47DD-8D47-331ED776B730}.Release|x86.ActiveCfg = Release|Any CPU
		{738583E2-EA09-47DD-8D47-331ED776B730}.Release|x86.Build.0 = Release|Any CPU
		{84FE6B09-A049-4862-99D4-C0EC77BA86C0}.Debug|Any CPU.ActiveCfg = Debug|Any CPU
		{84FE6B09-A049-4862-99D4-C0EC77BA86C0}.Debug|Any CPU.Build.0 = Debug|Any CPU
		{84FE6B09-A049-4862-99D4-C0EC77BA86C0}.Debug|x64.ActiveCfg = Debug|Any CPU
		{84FE6B09-A049-4862-99D4-C0EC77BA86C0}.Debug|x64.Build.0 = Debug|Any CPU
		{84FE6B09-A049-4862-99D4-C0EC77BA86C0}.Debug|x86.ActiveCfg = Debug|Any CPU
		{84FE6B09-A049-4862-99D4-C0EC77BA86C0}.Debug|x86.Build.0 = Debug|Any CPU
		{84FE6B09-A049-4862-99D4-C0EC77BA86C0}.Release|Any CPU.ActiveCfg = Release|Any CPU
		{84FE6B09-A049-4862-99D4-C0EC77BA86C0}.Release|Any CPU.Build.0 = Release|Any CPU
		{84FE6B09-A049-4862-99D4-C0EC77BA86C0}.Release|x64.ActiveCfg = Release|Any CPU
		{84FE6B09-A049-4862-99D4-C0EC77BA86C0}.Release|x64.Build.0 = Release|Any CPU
		{84FE6B09-A049-4862-99D4-C0EC77BA86C0}.Release|x86.ActiveCfg = Release|Any CPU
		{84FE6B09-A049-4862-99D4-C0EC77BA86C0}.Release|x86.Build.0 = Release|Any CPU
		{AC742B42-11D0-4962-AF03-8B03F8BA7EE5}.Debug|Any CPU.ActiveCfg = Debug|Any CPU
		{AC742B42-11D0-4962-AF03-8B03F8BA7EE5}.Debug|Any CPU.Build.0 = Debug|Any CPU
		{AC742B42-11D0-4962-AF03-8B03F8BA7EE5}.Debug|x64.ActiveCfg = Debug|Any CPU
		{AC742B42-11D0-4962-AF03-8B03F8BA7EE5}.Debug|x64.Build.0 = Debug|Any CPU
		{AC742B42-11D0-4962-AF03-8B03F8BA7EE5}.Debug|x86.ActiveCfg = Debug|Any CPU
		{AC742B42-11D0-4962-AF03-8B03F8BA7EE5}.Debug|x86.Build.0 = Debug|Any CPU
		{AC742B42-11D0-4962-AF03-8B03F8BA7EE5}.Release|Any CPU.ActiveCfg = Release|Any CPU
		{AC742B42-11D0-4962-AF03-8B03F8BA7EE5}.Release|Any CPU.Build.0 = Release|Any CPU
		{AC742B42-11D0-4962-AF03-8B03F8BA7EE5}.Release|x64.ActiveCfg = Release|Any CPU
		{AC742B42-11D0-4962-AF03-8B03F8BA7EE5}.Release|x64.Build.0 = Release|Any CPU
		{AC742B42-11D0-4962-AF03-8B03F8BA7EE5}.Release|x86.ActiveCfg = Release|Any CPU
		{AC742B42-11D0-4962-AF03-8B03F8BA7EE5}.Release|x86.Build.0 = Release|Any CPU
		{C89DCB2D-3E1F-4373-893C-EB431D27E95D}.Debug|Any CPU.ActiveCfg = Debug|Any CPU
		{C89DCB2D-3E1F-4373-893C-EB431D27E95D}.Debug|Any CPU.Build.0 = Debug|Any CPU
		{C89DCB2D-3E1F-4373-893C-EB431D27E95D}.Debug|x64.ActiveCfg = Debug|Any CPU
		{C89DCB2D-3E1F-4373-893C-EB431D27E95D}.Debug|x64.Build.0 = Debug|Any CPU
		{C89DCB2D-3E1F-4373-893C-EB431D27E95D}.Debug|x86.ActiveCfg = Debug|Any CPU
		{C89DCB2D-3E1F-4373-893C-EB431D27E95D}.Debug|x86.Build.0 = Debug|Any CPU
		{C89DCB2D-3E1F-4373-893C-EB431D27E95D}.Release|Any CPU.ActiveCfg = Release|Any CPU
		{C89DCB2D-3E1F-4373-893C-EB431D27E95D}.Release|Any CPU.Build.0 = Release|Any CPU
		{C89DCB2D-3E1F-4373-893C-EB431D27E95D}.Release|x64.ActiveCfg = Release|Any CPU
		{C89DCB2D-3E1F-4373-893C-EB431D27E95D}.Release|x64.Build.0 = Release|Any CPU
		{C89DCB2D-3E1F-4373-893C-EB431D27E95D}.Release|x86.ActiveCfg = Release|Any CPU
		{C89DCB2D-3E1F-4373-893C-EB431D27E95D}.Release|x86.Build.0 = Release|Any CPU
		{9BB1B1FB-33D1-4FD8-9A63-584B78D23D76}.Debug|Any CPU.ActiveCfg = Debug|Any CPU
		{9BB1B1FB-33D1-4FD8-9A63-584B78D23D76}.Debug|Any CPU.Build.0 = Debug|Any CPU
		{9BB1B1FB-33D1-4FD8-9A63-584B78D23D76}.Debug|x64.ActiveCfg = Debug|Any CPU
		{9BB1B1FB-33D1-4FD8-9A63-584B78D23D76}.Debug|x64.Build.0 = Debug|Any CPU
		{9BB1B1FB-33D1-4FD8-9A63-584B78D23D76}.Debug|x86.ActiveCfg = Debug|Any CPU
		{9BB1B1FB-33D1-4FD8-9A63-584B78D23D76}.Debug|x86.Build.0 = Debug|Any CPU
		{9BB1B1FB-33D1-4FD8-9A63-584B78D23D76}.Release|Any CPU.ActiveCfg = Release|Any CPU
		{9BB1B1FB-33D1-4FD8-9A63-584B78D23D76}.Release|Any CPU.Build.0 = Release|Any CPU
		{9BB1B1FB-33D1-4FD8-9A63-584B78D23D76}.Release|x64.ActiveCfg = Release|Any CPU
		{9BB1B1FB-33D1-4FD8-9A63-584B78D23D76}.Release|x64.Build.0 = Release|Any CPU
		{9BB1B1FB-33D1-4FD8-9A63-584B78D23D76}.Release|x86.ActiveCfg = Release|Any CPU
		{9BB1B1FB-33D1-4FD8-9A63-584B78D23D76}.Release|x86.Build.0 = Release|Any CPU
		{ADBECB28-44AB-405E-81EE-BF8321F87868}.Debug|Any CPU.ActiveCfg = Debug|Any CPU
		{ADBECB28-44AB-405E-81EE-BF8321F87868}.Debug|Any CPU.Build.0 = Debug|Any CPU
		{ADBECB28-44AB-405E-81EE-BF8321F87868}.Debug|x64.ActiveCfg = Debug|Any CPU
		{ADBECB28-44AB-405E-81EE-BF8321F87868}.Debug|x64.Build.0 = Debug|Any CPU
		{ADBECB28-44AB-405E-81EE-BF8321F87868}.Debug|x86.ActiveCfg = Debug|Any CPU
		{ADBECB28-44AB-405E-81EE-BF8321F87868}.Debug|x86.Build.0 = Debug|Any CPU
		{ADBECB28-44AB-405E-81EE-BF8321F87868}.Release|Any CPU.ActiveCfg = Release|Any CPU
		{ADBECB28-44AB-405E-81EE-BF8321F87868}.Release|Any CPU.Build.0 = Release|Any CPU
		{ADBECB28-44AB-405E-81EE-BF8321F87868}.Release|x64.ActiveCfg = Release|Any CPU
		{ADBECB28-44AB-405E-81EE-BF8321F87868}.Release|x64.Build.0 = Release|Any CPU
		{ADBECB28-44AB-405E-81EE-BF8321F87868}.Release|x86.ActiveCfg = Release|Any CPU
		{ADBECB28-44AB-405E-81EE-BF8321F87868}.Release|x86.Build.0 = Release|Any CPU
		{0B29E266-6C43-43C6-A0C2-25B975DC68CC}.Debug|Any CPU.ActiveCfg = Debug|Any CPU
		{0B29E266-6C43-43C6-A0C2-25B975DC68CC}.Debug|Any CPU.Build.0 = Debug|Any CPU
		{0B29E266-6C43-43C6-A0C2-25B975DC68CC}.Debug|x64.ActiveCfg = Debug|Any CPU
		{0B29E266-6C43-43C6-A0C2-25B975DC68CC}.Debug|x64.Build.0 = Debug|Any CPU
		{0B29E266-6C43-43C6-A0C2-25B975DC68CC}.Debug|x86.ActiveCfg = Debug|Any CPU
		{0B29E266-6C43-43C6-A0C2-25B975DC68CC}.Debug|x86.Build.0 = Debug|Any CPU
		{0B29E266-6C43-43C6-A0C2-25B975DC68CC}.Release|Any CPU.ActiveCfg = Release|Any CPU
		{0B29E266-6C43-43C6-A0C2-25B975DC68CC}.Release|Any CPU.Build.0 = Release|Any CPU
		{0B29E266-6C43-43C6-A0C2-25B975DC68CC}.Release|x64.ActiveCfg = Release|Any CPU
		{0B29E266-6C43-43C6-A0C2-25B975DC68CC}.Release|x64.Build.0 = Release|Any CPU
		{0B29E266-6C43-43C6-A0C2-25B975DC68CC}.Release|x86.ActiveCfg = Release|Any CPU
		{0B29E266-6C43-43C6-A0C2-25B975DC68CC}.Release|x86.Build.0 = Release|Any CPU
		{EB6C72DC-F1D6-4303-AF3C-D1047FD77429}.Debug|Any CPU.ActiveCfg = Debug|Any CPU
		{EB6C72DC-F1D6-4303-AF3C-D1047FD77429}.Debug|Any CPU.Build.0 = Debug|Any CPU
		{EB6C72DC-F1D6-4303-AF3C-D1047FD77429}.Debug|x64.ActiveCfg = Debug|Any CPU
		{EB6C72DC-F1D6-4303-AF3C-D1047FD77429}.Debug|x64.Build.0 = Debug|Any CPU
		{EB6C72DC-F1D6-4303-AF3C-D1047FD77429}.Debug|x86.ActiveCfg = Debug|Any CPU
		{EB6C72DC-F1D6-4303-AF3C-D1047FD77429}.Debug|x86.Build.0 = Debug|Any CPU
		{EB6C72DC-F1D6-4303-AF3C-D1047FD77429}.Release|Any CPU.ActiveCfg = Release|Any CPU
		{EB6C72DC-F1D6-4303-AF3C-D1047FD77429}.Release|Any CPU.Build.0 = Release|Any CPU
		{EB6C72DC-F1D6-4303-AF3C-D1047FD77429}.Release|x64.ActiveCfg = Release|Any CPU
		{EB6C72DC-F1D6-4303-AF3C-D1047FD77429}.Release|x64.Build.0 = Release|Any CPU
		{EB6C72DC-F1D6-4303-AF3C-D1047FD77429}.Release|x86.ActiveCfg = Release|Any CPU
		{EB6C72DC-F1D6-4303-AF3C-D1047FD77429}.Release|x86.Build.0 = Release|Any CPU
		{C3B22575-0E01-42F2-B9E0-C745D87CBD05}.Debug|Any CPU.ActiveCfg = Debug|Any CPU
		{C3B22575-0E01-42F2-B9E0-C745D87CBD05}.Debug|Any CPU.Build.0 = Debug|Any CPU
		{C3B22575-0E01-42F2-B9E0-C745D87CBD05}.Debug|x64.ActiveCfg = Debug|Any CPU
		{C3B22575-0E01-42F2-B9E0-C745D87CBD05}.Debug|x64.Build.0 = Debug|Any CPU
		{C3B22575-0E01-42F2-B9E0-C745D87CBD05}.Debug|x86.ActiveCfg = Debug|Any CPU
		{C3B22575-0E01-42F2-B9E0-C745D87CBD05}.Debug|x86.Build.0 = Debug|Any CPU
		{C3B22575-0E01-42F2-B9E0-C745D87CBD05}.Release|Any CPU.ActiveCfg = Release|Any CPU
		{C3B22575-0E01-42F2-B9E0-C745D87CBD05}.Release|Any CPU.Build.0 = Release|Any CPU
		{C3B22575-0E01-42F2-B9E0-C745D87CBD05}.Release|x64.ActiveCfg = Release|Any CPU
		{C3B22575-0E01-42F2-B9E0-C745D87CBD05}.Release|x64.Build.0 = Release|Any CPU
		{C3B22575-0E01-42F2-B9E0-C745D87CBD05}.Release|x86.ActiveCfg = Release|Any CPU
		{C3B22575-0E01-42F2-B9E0-C745D87CBD05}.Release|x86.Build.0 = Release|Any CPU
		{3A038697-E34E-4EAB-BD58-568F660B060B}.Debug|Any CPU.ActiveCfg = Debug|Any CPU
		{3A038697-E34E-4EAB-BD58-568F660B060B}.Debug|Any CPU.Build.0 = Debug|Any CPU
		{3A038697-E34E-4EAB-BD58-568F660B060B}.Debug|x64.ActiveCfg = Debug|Any CPU
		{3A038697-E34E-4EAB-BD58-568F660B060B}.Debug|x64.Build.0 = Debug|Any CPU
		{3A038697-E34E-4EAB-BD58-568F660B060B}.Debug|x86.ActiveCfg = Debug|Any CPU
		{3A038697-E34E-4EAB-BD58-568F660B060B}.Debug|x86.Build.0 = Debug|Any CPU
		{3A038697-E34E-4EAB-BD58-568F660B060B}.Release|Any CPU.ActiveCfg = Release|Any CPU
		{3A038697-E34E-4EAB-BD58-568F660B060B}.Release|Any CPU.Build.0 = Release|Any CPU
		{3A038697-E34E-4EAB-BD58-568F660B060B}.Release|x64.ActiveCfg = Release|Any CPU
		{3A038697-E34E-4EAB-BD58-568F660B060B}.Release|x64.Build.0 = Release|Any CPU
		{3A038697-E34E-4EAB-BD58-568F660B060B}.Release|x86.ActiveCfg = Release|Any CPU
		{3A038697-E34E-4EAB-BD58-568F660B060B}.Release|x86.Build.0 = Release|Any CPU
		{310F9D2B-F6F8-4334-B87E-4233F5466DB8}.Debug|Any CPU.ActiveCfg = Debug|Any CPU
		{310F9D2B-F6F8-4334-B87E-4233F5466DB8}.Debug|Any CPU.Build.0 = Debug|Any CPU
		{310F9D2B-F6F8-4334-B87E-4233F5466DB8}.Debug|x64.ActiveCfg = Debug|Any CPU
		{310F9D2B-F6F8-4334-B87E-4233F5466DB8}.Debug|x64.Build.0 = Debug|Any CPU
		{310F9D2B-F6F8-4334-B87E-4233F5466DB8}.Debug|x86.ActiveCfg = Debug|Any CPU
		{310F9D2B-F6F8-4334-B87E-4233F5466DB8}.Debug|x86.Build.0 = Debug|Any CPU
		{310F9D2B-F6F8-4334-B87E-4233F5466DB8}.Release|Any CPU.ActiveCfg = Release|Any CPU
		{310F9D2B-F6F8-4334-B87E-4233F5466DB8}.Release|Any CPU.Build.0 = Release|Any CPU
		{310F9D2B-F6F8-4334-B87E-4233F5466DB8}.Release|x64.ActiveCfg = Release|Any CPU
		{310F9D2B-F6F8-4334-B87E-4233F5466DB8}.Release|x64.Build.0 = Release|Any CPU
		{310F9D2B-F6F8-4334-B87E-4233F5466DB8}.Release|x86.ActiveCfg = Release|Any CPU
		{310F9D2B-F6F8-4334-B87E-4233F5466DB8}.Release|x86.Build.0 = Release|Any CPU
		{C338C6B8-F0F5-4C25-934C-BA98144992D6}.Debug|Any CPU.ActiveCfg = Debug|Any CPU
		{C338C6B8-F0F5-4C25-934C-BA98144992D6}.Debug|Any CPU.Build.0 = Debug|Any CPU
		{C338C6B8-F0F5-4C25-934C-BA98144992D6}.Debug|x64.ActiveCfg = Debug|Any CPU
		{C338C6B8-F0F5-4C25-934C-BA98144992D6}.Debug|x64.Build.0 = Debug|Any CPU
		{C338C6B8-F0F5-4C25-934C-BA98144992D6}.Debug|x86.ActiveCfg = Debug|Any CPU
		{C338C6B8-F0F5-4C25-934C-BA98144992D6}.Debug|x86.Build.0 = Debug|Any CPU
		{C338C6B8-F0F5-4C25-934C-BA98144992D6}.Release|Any CPU.ActiveCfg = Release|Any CPU
		{C338C6B8-F0F5-4C25-934C-BA98144992D6}.Release|Any CPU.Build.0 = Release|Any CPU
		{C338C6B8-F0F5-4C25-934C-BA98144992D6}.Release|x64.ActiveCfg = Release|Any CPU
		{C338C6B8-F0F5-4C25-934C-BA98144992D6}.Release|x64.Build.0 = Release|Any CPU
		{C338C6B8-F0F5-4C25-934C-BA98144992D6}.Release|x86.ActiveCfg = Release|Any CPU
		{C338C6B8-F0F5-4C25-934C-BA98144992D6}.Release|x86.Build.0 = Release|Any CPU
		{6EEA9E8C-C3B4-497B-9D16-DA94C2DD3F7B}.Debug|Any CPU.ActiveCfg = Debug|Any CPU
		{6EEA9E8C-C3B4-497B-9D16-DA94C2DD3F7B}.Debug|Any CPU.Build.0 = Debug|Any CPU
		{6EEA9E8C-C3B4-497B-9D16-DA94C2DD3F7B}.Debug|x64.ActiveCfg = Debug|Any CPU
		{6EEA9E8C-C3B4-497B-9D16-DA94C2DD3F7B}.Debug|x64.Build.0 = Debug|Any CPU
		{6EEA9E8C-C3B4-497B-9D16-DA94C2DD3F7B}.Debug|x86.ActiveCfg = Debug|Any CPU
		{6EEA9E8C-C3B4-497B-9D16-DA94C2DD3F7B}.Debug|x86.Build.0 = Debug|Any CPU
		{6EEA9E8C-C3B4-497B-9D16-DA94C2DD3F7B}.Release|Any CPU.ActiveCfg = Release|Any CPU
		{6EEA9E8C-C3B4-497B-9D16-DA94C2DD3F7B}.Release|Any CPU.Build.0 = Release|Any CPU
		{6EEA9E8C-C3B4-497B-9D16-DA94C2DD3F7B}.Release|x64.ActiveCfg = Release|Any CPU
		{6EEA9E8C-C3B4-497B-9D16-DA94C2DD3F7B}.Release|x64.Build.0 = Release|Any CPU
		{6EEA9E8C-C3B4-497B-9D16-DA94C2DD3F7B}.Release|x86.ActiveCfg = Release|Any CPU
		{6EEA9E8C-C3B4-497B-9D16-DA94C2DD3F7B}.Release|x86.Build.0 = Release|Any CPU
		{7DA8EF76-49F1-438C-9A8F-B04E5203FD96}.Debug|Any CPU.ActiveCfg = Debug|Any CPU
		{7DA8EF76-49F1-438C-9A8F-B04E5203FD96}.Debug|Any CPU.Build.0 = Debug|Any CPU
		{7DA8EF76-49F1-438C-9A8F-B04E5203FD96}.Debug|x64.ActiveCfg = Debug|Any CPU
		{7DA8EF76-49F1-438C-9A8F-B04E5203FD96}.Debug|x64.Build.0 = Debug|Any CPU
		{7DA8EF76-49F1-438C-9A8F-B04E5203FD96}.Debug|x86.ActiveCfg = Debug|Any CPU
		{7DA8EF76-49F1-438C-9A8F-B04E5203FD96}.Debug|x86.Build.0 = Debug|Any CPU
		{7DA8EF76-49F1-438C-9A8F-B04E5203FD96}.Release|Any CPU.ActiveCfg = Release|Any CPU
		{7DA8EF76-49F1-438C-9A8F-B04E5203FD96}.Release|Any CPU.Build.0 = Release|Any CPU
		{7DA8EF76-49F1-438C-9A8F-B04E5203FD96}.Release|x64.ActiveCfg = Release|Any CPU
		{7DA8EF76-49F1-438C-9A8F-B04E5203FD96}.Release|x64.Build.0 = Release|Any CPU
		{7DA8EF76-49F1-438C-9A8F-B04E5203FD96}.Release|x86.ActiveCfg = Release|Any CPU
		{7DA8EF76-49F1-438C-9A8F-B04E5203FD96}.Release|x86.Build.0 = Release|Any CPU
		{641B2B4E-C765-4151-A855-56036FA9845C}.Debug|Any CPU.ActiveCfg = Debug|Any CPU
		{641B2B4E-C765-4151-A855-56036FA9845C}.Debug|Any CPU.Build.0 = Debug|Any CPU
		{641B2B4E-C765-4151-A855-56036FA9845C}.Debug|x64.ActiveCfg = Debug|Any CPU
		{641B2B4E-C765-4151-A855-56036FA9845C}.Debug|x64.Build.0 = Debug|Any CPU
		{641B2B4E-C765-4151-A855-56036FA9845C}.Debug|x86.ActiveCfg = Debug|Any CPU
		{641B2B4E-C765-4151-A855-56036FA9845C}.Debug|x86.Build.0 = Debug|Any CPU
		{641B2B4E-C765-4151-A855-56036FA9845C}.Release|Any CPU.ActiveCfg = Release|Any CPU
		{641B2B4E-C765-4151-A855-56036FA9845C}.Release|Any CPU.Build.0 = Release|Any CPU
		{641B2B4E-C765-4151-A855-56036FA9845C}.Release|x64.ActiveCfg = Release|Any CPU
		{641B2B4E-C765-4151-A855-56036FA9845C}.Release|x64.Build.0 = Release|Any CPU
		{641B2B4E-C765-4151-A855-56036FA9845C}.Release|x86.ActiveCfg = Release|Any CPU
		{641B2B4E-C765-4151-A855-56036FA9845C}.Release|x86.Build.0 = Release|Any CPU
		{3C199263-9571-4C64-982E-6C58378D5A55}.Debug|Any CPU.ActiveCfg = Debug|Any CPU
		{3C199263-9571-4C64-982E-6C58378D5A55}.Debug|Any CPU.Build.0 = Debug|Any CPU
		{3C199263-9571-4C64-982E-6C58378D5A55}.Debug|x64.ActiveCfg = Debug|Any CPU
		{3C199263-9571-4C64-982E-6C58378D5A55}.Debug|x64.Build.0 = Debug|Any CPU
		{3C199263-9571-4C64-982E-6C58378D5A55}.Debug|x86.ActiveCfg = Debug|Any CPU
		{3C199263-9571-4C64-982E-6C58378D5A55}.Debug|x86.Build.0 = Debug|Any CPU
		{3C199263-9571-4C64-982E-6C58378D5A55}.Release|Any CPU.ActiveCfg = Release|Any CPU
		{3C199263-9571-4C64-982E-6C58378D5A55}.Release|Any CPU.Build.0 = Release|Any CPU
		{3C199263-9571-4C64-982E-6C58378D5A55}.Release|x64.ActiveCfg = Release|Any CPU
		{3C199263-9571-4C64-982E-6C58378D5A55}.Release|x64.Build.0 = Release|Any CPU
		{3C199263-9571-4C64-982E-6C58378D5A55}.Release|x86.ActiveCfg = Release|Any CPU
		{3C199263-9571-4C64-982E-6C58378D5A55}.Release|x86.Build.0 = Release|Any CPU
		{68A9DDBA-D05A-4ACF-975C-AC36E648288A}.Debug|Any CPU.ActiveCfg = Debug|Any CPU
		{68A9DDBA-D05A-4ACF-975C-AC36E648288A}.Debug|Any CPU.Build.0 = Debug|Any CPU
		{68A9DDBA-D05A-4ACF-975C-AC36E648288A}.Debug|x64.ActiveCfg = Debug|Any CPU
		{68A9DDBA-D05A-4ACF-975C-AC36E648288A}.Debug|x64.Build.0 = Debug|Any CPU
		{68A9DDBA-D05A-4ACF-975C-AC36E648288A}.Debug|x86.ActiveCfg = Debug|Any CPU
		{68A9DDBA-D05A-4ACF-975C-AC36E648288A}.Debug|x86.Build.0 = Debug|Any CPU
		{68A9DDBA-D05A-4ACF-975C-AC36E648288A}.Release|Any CPU.ActiveCfg = Release|Any CPU
		{68A9DDBA-D05A-4ACF-975C-AC36E648288A}.Release|Any CPU.Build.0 = Release|Any CPU
		{68A9DDBA-D05A-4ACF-975C-AC36E648288A}.Release|x64.ActiveCfg = Release|Any CPU
		{68A9DDBA-D05A-4ACF-975C-AC36E648288A}.Release|x64.Build.0 = Release|Any CPU
		{68A9DDBA-D05A-4ACF-975C-AC36E648288A}.Release|x86.ActiveCfg = Release|Any CPU
		{68A9DDBA-D05A-4ACF-975C-AC36E648288A}.Release|x86.Build.0 = Release|Any CPU
		{01A25120-5BDF-44E6-8F4C-406BCC81C312}.Debug|Any CPU.ActiveCfg = Debug|Any CPU
		{01A25120-5BDF-44E6-8F4C-406BCC81C312}.Debug|Any CPU.Build.0 = Debug|Any CPU
		{01A25120-5BDF-44E6-8F4C-406BCC81C312}.Debug|x64.ActiveCfg = Debug|Any CPU
		{01A25120-5BDF-44E6-8F4C-406BCC81C312}.Debug|x64.Build.0 = Debug|Any CPU
		{01A25120-5BDF-44E6-8F4C-406BCC81C312}.Debug|x86.ActiveCfg = Debug|Any CPU
		{01A25120-5BDF-44E6-8F4C-406BCC81C312}.Debug|x86.Build.0 = Debug|Any CPU
		{01A25120-5BDF-44E6-8F4C-406BCC81C312}.Release|Any CPU.ActiveCfg = Release|Any CPU
		{01A25120-5BDF-44E6-8F4C-406BCC81C312}.Release|Any CPU.Build.0 = Release|Any CPU
		{01A25120-5BDF-44E6-8F4C-406BCC81C312}.Release|x64.ActiveCfg = Release|Any CPU
		{01A25120-5BDF-44E6-8F4C-406BCC81C312}.Release|x64.Build.0 = Release|Any CPU
		{01A25120-5BDF-44E6-8F4C-406BCC81C312}.Release|x86.ActiveCfg = Release|Any CPU
		{01A25120-5BDF-44E6-8F4C-406BCC81C312}.Release|x86.Build.0 = Release|Any CPU
		{3DEED827-A2C6-4EBE-BC24-E29550A6656A}.Debug|Any CPU.ActiveCfg = Debug|Any CPU
		{3DEED827-A2C6-4EBE-BC24-E29550A6656A}.Debug|Any CPU.Build.0 = Debug|Any CPU
		{3DEED827-A2C6-4EBE-BC24-E29550A6656A}.Debug|x64.ActiveCfg = Debug|Any CPU
		{3DEED827-A2C6-4EBE-BC24-E29550A6656A}.Debug|x64.Build.0 = Debug|Any CPU
		{3DEED827-A2C6-4EBE-BC24-E29550A6656A}.Debug|x86.ActiveCfg = Debug|Any CPU
		{3DEED827-A2C6-4EBE-BC24-E29550A6656A}.Debug|x86.Build.0 = Debug|Any CPU
		{3DEED827-A2C6-4EBE-BC24-E29550A6656A}.Release|Any CPU.ActiveCfg = Release|Any CPU
		{3DEED827-A2C6-4EBE-BC24-E29550A6656A}.Release|Any CPU.Build.0 = Release|Any CPU
		{3DEED827-A2C6-4EBE-BC24-E29550A6656A}.Release|x64.ActiveCfg = Release|Any CPU
		{3DEED827-A2C6-4EBE-BC24-E29550A6656A}.Release|x64.Build.0 = Release|Any CPU
		{3DEED827-A2C6-4EBE-BC24-E29550A6656A}.Release|x86.ActiveCfg = Release|Any CPU
		{3DEED827-A2C6-4EBE-BC24-E29550A6656A}.Release|x86.Build.0 = Release|Any CPU
		{69F4B313-3C8F-41CA-A500-A2960A35447B}.Debug|Any CPU.ActiveCfg = Debug|Any CPU
		{69F4B313-3C8F-41CA-A500-A2960A35447B}.Debug|Any CPU.Build.0 = Debug|Any CPU
		{69F4B313-3C8F-41CA-A500-A2960A35447B}.Debug|x64.ActiveCfg = Debug|Any CPU
		{69F4B313-3C8F-41CA-A500-A2960A35447B}.Debug|x64.Build.0 = Debug|Any CPU
		{69F4B313-3C8F-41CA-A500-A2960A35447B}.Debug|x86.ActiveCfg = Debug|Any CPU
		{69F4B313-3C8F-41CA-A500-A2960A35447B}.Debug|x86.Build.0 = Debug|Any CPU
		{69F4B313-3C8F-41CA-A500-A2960A35447B}.Release|Any CPU.ActiveCfg = Release|Any CPU
		{69F4B313-3C8F-41CA-A500-A2960A35447B}.Release|Any CPU.Build.0 = Release|Any CPU
		{69F4B313-3C8F-41CA-A500-A2960A35447B}.Release|x64.ActiveCfg = Release|Any CPU
		{69F4B313-3C8F-41CA-A500-A2960A35447B}.Release|x64.Build.0 = Release|Any CPU
		{69F4B313-3C8F-41CA-A500-A2960A35447B}.Release|x86.ActiveCfg = Release|Any CPU
		{69F4B313-3C8F-41CA-A500-A2960A35447B}.Release|x86.Build.0 = Release|Any CPU
		{948860B6-634B-4538-9323-D85FB322591E}.Debug|Any CPU.ActiveCfg = Debug|Any CPU
		{948860B6-634B-4538-9323-D85FB322591E}.Debug|Any CPU.Build.0 = Debug|Any CPU
		{948860B6-634B-4538-9323-D85FB322591E}.Debug|x64.ActiveCfg = Debug|Any CPU
		{948860B6-634B-4538-9323-D85FB322591E}.Debug|x64.Build.0 = Debug|Any CPU
		{948860B6-634B-4538-9323-D85FB322591E}.Debug|x86.ActiveCfg = Debug|Any CPU
		{948860B6-634B-4538-9323-D85FB322591E}.Debug|x86.Build.0 = Debug|Any CPU
		{948860B6-634B-4538-9323-D85FB322591E}.Release|Any CPU.ActiveCfg = Release|Any CPU
		{948860B6-634B-4538-9323-D85FB322591E}.Release|Any CPU.Build.0 = Release|Any CPU
		{948860B6-634B-4538-9323-D85FB322591E}.Release|x64.ActiveCfg = Release|Any CPU
		{948860B6-634B-4538-9323-D85FB322591E}.Release|x64.Build.0 = Release|Any CPU
		{948860B6-634B-4538-9323-D85FB322591E}.Release|x86.ActiveCfg = Release|Any CPU
		{948860B6-634B-4538-9323-D85FB322591E}.Release|x86.Build.0 = Release|Any CPU
		{0E157AA4-F403-4CB2-A59A-ABF9FA8BA14E}.Debug|Any CPU.ActiveCfg = Debug|Any CPU
		{0E157AA4-F403-4CB2-A59A-ABF9FA8BA14E}.Debug|Any CPU.Build.0 = Debug|Any CPU
		{0E157AA4-F403-4CB2-A59A-ABF9FA8BA14E}.Debug|x64.ActiveCfg = Debug|Any CPU
		{0E157AA4-F403-4CB2-A59A-ABF9FA8BA14E}.Debug|x64.Build.0 = Debug|Any CPU
		{0E157AA4-F403-4CB2-A59A-ABF9FA8BA14E}.Debug|x86.ActiveCfg = Debug|Any CPU
		{0E157AA4-F403-4CB2-A59A-ABF9FA8BA14E}.Debug|x86.Build.0 = Debug|Any CPU
		{0E157AA4-F403-4CB2-A59A-ABF9FA8BA14E}.Release|Any CPU.ActiveCfg = Release|Any CPU
		{0E157AA4-F403-4CB2-A59A-ABF9FA8BA14E}.Release|Any CPU.Build.0 = Release|Any CPU
		{0E157AA4-F403-4CB2-A59A-ABF9FA8BA14E}.Release|x64.ActiveCfg = Release|Any CPU
		{0E157AA4-F403-4CB2-A59A-ABF9FA8BA14E}.Release|x64.Build.0 = Release|Any CPU
		{0E157AA4-F403-4CB2-A59A-ABF9FA8BA14E}.Release|x86.ActiveCfg = Release|Any CPU
		{0E157AA4-F403-4CB2-A59A-ABF9FA8BA14E}.Release|x86.Build.0 = Release|Any CPU
		{372703E3-4E56-4A44-89B2-CBEC7C8463C2}.Debug|Any CPU.ActiveCfg = Debug|Any CPU
		{372703E3-4E56-4A44-89B2-CBEC7C8463C2}.Debug|Any CPU.Build.0 = Debug|Any CPU
		{372703E3-4E56-4A44-89B2-CBEC7C8463C2}.Debug|x64.ActiveCfg = Debug|Any CPU
		{372703E3-4E56-4A44-89B2-CBEC7C8463C2}.Debug|x64.Build.0 = Debug|Any CPU
		{372703E3-4E56-4A44-89B2-CBEC7C8463C2}.Debug|x86.ActiveCfg = Debug|Any CPU
		{372703E3-4E56-4A44-89B2-CBEC7C8463C2}.Debug|x86.Build.0 = Debug|Any CPU
		{372703E3-4E56-4A44-89B2-CBEC7C8463C2}.Release|Any CPU.ActiveCfg = Release|Any CPU
		{372703E3-4E56-4A44-89B2-CBEC7C8463C2}.Release|Any CPU.Build.0 = Release|Any CPU
		{372703E3-4E56-4A44-89B2-CBEC7C8463C2}.Release|x64.ActiveCfg = Release|Any CPU
		{372703E3-4E56-4A44-89B2-CBEC7C8463C2}.Release|x64.Build.0 = Release|Any CPU
		{372703E3-4E56-4A44-89B2-CBEC7C8463C2}.Release|x86.ActiveCfg = Release|Any CPU
		{372703E3-4E56-4A44-89B2-CBEC7C8463C2}.Release|x86.Build.0 = Release|Any CPU
		{A2AAF0C8-516C-4B9D-959F-2DC2220A3F68}.Debug|Any CPU.ActiveCfg = Debug|Any CPU
		{A2AAF0C8-516C-4B9D-959F-2DC2220A3F68}.Debug|Any CPU.Build.0 = Debug|Any CPU
		{A2AAF0C8-516C-4B9D-959F-2DC2220A3F68}.Debug|x64.ActiveCfg = Debug|Any CPU
		{A2AAF0C8-516C-4B9D-959F-2DC2220A3F68}.Debug|x64.Build.0 = Debug|Any CPU
		{A2AAF0C8-516C-4B9D-959F-2DC2220A3F68}.Debug|x86.ActiveCfg = Debug|Any CPU
		{A2AAF0C8-516C-4B9D-959F-2DC2220A3F68}.Debug|x86.Build.0 = Debug|Any CPU
		{A2AAF0C8-516C-4B9D-959F-2DC2220A3F68}.Release|Any CPU.ActiveCfg = Release|Any CPU
		{A2AAF0C8-516C-4B9D-959F-2DC2220A3F68}.Release|Any CPU.Build.0 = Release|Any CPU
		{A2AAF0C8-516C-4B9D-959F-2DC2220A3F68}.Release|x64.ActiveCfg = Release|Any CPU
		{A2AAF0C8-516C-4B9D-959F-2DC2220A3F68}.Release|x64.Build.0 = Release|Any CPU
		{A2AAF0C8-516C-4B9D-959F-2DC2220A3F68}.Release|x86.ActiveCfg = Release|Any CPU
		{A2AAF0C8-516C-4B9D-959F-2DC2220A3F68}.Release|x86.Build.0 = Release|Any CPU
		{11DC89DF-6D07-4549-A788-4D3BE0BF932A}.Debug|Any CPU.ActiveCfg = Debug|Any CPU
		{11DC89DF-6D07-4549-A788-4D3BE0BF932A}.Debug|Any CPU.Build.0 = Debug|Any CPU
		{11DC89DF-6D07-4549-A788-4D3BE0BF932A}.Debug|x64.ActiveCfg = Debug|Any CPU
		{11DC89DF-6D07-4549-A788-4D3BE0BF932A}.Debug|x64.Build.0 = Debug|Any CPU
		{11DC89DF-6D07-4549-A788-4D3BE0BF932A}.Debug|x86.ActiveCfg = Debug|Any CPU
		{11DC89DF-6D07-4549-A788-4D3BE0BF932A}.Debug|x86.Build.0 = Debug|Any CPU
		{11DC89DF-6D07-4549-A788-4D3BE0BF932A}.Release|Any CPU.ActiveCfg = Release|Any CPU
		{11DC89DF-6D07-4549-A788-4D3BE0BF932A}.Release|Any CPU.Build.0 = Release|Any CPU
		{11DC89DF-6D07-4549-A788-4D3BE0BF932A}.Release|x64.ActiveCfg = Release|Any CPU
		{11DC89DF-6D07-4549-A788-4D3BE0BF932A}.Release|x64.Build.0 = Release|Any CPU
		{11DC89DF-6D07-4549-A788-4D3BE0BF932A}.Release|x86.ActiveCfg = Release|Any CPU
		{11DC89DF-6D07-4549-A788-4D3BE0BF932A}.Release|x86.Build.0 = Release|Any CPU
		{3125AAC4-01A6-4992-888C-D934D1167D38}.Debug|Any CPU.ActiveCfg = Debug|Any CPU
		{3125AAC4-01A6-4992-888C-D934D1167D38}.Debug|Any CPU.Build.0 = Debug|Any CPU
		{3125AAC4-01A6-4992-888C-D934D1167D38}.Debug|x64.ActiveCfg = Debug|Any CPU
		{3125AAC4-01A6-4992-888C-D934D1167D38}.Debug|x64.Build.0 = Debug|Any CPU
		{3125AAC4-01A6-4992-888C-D934D1167D38}.Debug|x86.ActiveCfg = Debug|Any CPU
		{3125AAC4-01A6-4992-888C-D934D1167D38}.Debug|x86.Build.0 = Debug|Any CPU
		{3125AAC4-01A6-4992-888C-D934D1167D38}.Release|Any CPU.ActiveCfg = Release|Any CPU
		{3125AAC4-01A6-4992-888C-D934D1167D38}.Release|Any CPU.Build.0 = Release|Any CPU
		{3125AAC4-01A6-4992-888C-D934D1167D38}.Release|x64.ActiveCfg = Release|Any CPU
		{3125AAC4-01A6-4992-888C-D934D1167D38}.Release|x64.Build.0 = Release|Any CPU
		{3125AAC4-01A6-4992-888C-D934D1167D38}.Release|x86.ActiveCfg = Release|Any CPU
		{3125AAC4-01A6-4992-888C-D934D1167D38}.Release|x86.Build.0 = Release|Any CPU
		{D57B5D06-8700-4B02-8B3E-A14C885B5730}.Debug|Any CPU.ActiveCfg = Debug|Any CPU
		{D57B5D06-8700-4B02-8B3E-A14C885B5730}.Debug|Any CPU.Build.0 = Debug|Any CPU
		{D57B5D06-8700-4B02-8B3E-A14C885B5730}.Debug|x64.ActiveCfg = Debug|Any CPU
		{D57B5D06-8700-4B02-8B3E-A14C885B5730}.Debug|x64.Build.0 = Debug|Any CPU
		{D57B5D06-8700-4B02-8B3E-A14C885B5730}.Debug|x86.ActiveCfg = Debug|Any CPU
		{D57B5D06-8700-4B02-8B3E-A14C885B5730}.Debug|x86.Build.0 = Debug|Any CPU
		{D57B5D06-8700-4B02-8B3E-A14C885B5730}.Release|Any CPU.ActiveCfg = Release|Any CPU
		{D57B5D06-8700-4B02-8B3E-A14C885B5730}.Release|Any CPU.Build.0 = Release|Any CPU
		{D57B5D06-8700-4B02-8B3E-A14C885B5730}.Release|x64.ActiveCfg = Release|Any CPU
		{D57B5D06-8700-4B02-8B3E-A14C885B5730}.Release|x64.Build.0 = Release|Any CPU
		{D57B5D06-8700-4B02-8B3E-A14C885B5730}.Release|x86.ActiveCfg = Release|Any CPU
		{D57B5D06-8700-4B02-8B3E-A14C885B5730}.Release|x86.Build.0 = Release|Any CPU
		{59B00ECF-9E73-4384-AA6C-5B4ACE2EFEEC}.Debug|Any CPU.ActiveCfg = Debug|Any CPU
		{59B00ECF-9E73-4384-AA6C-5B4ACE2EFEEC}.Debug|Any CPU.Build.0 = Debug|Any CPU
		{59B00ECF-9E73-4384-AA6C-5B4ACE2EFEEC}.Debug|x64.ActiveCfg = Debug|Any CPU
		{59B00ECF-9E73-4384-AA6C-5B4ACE2EFEEC}.Debug|x64.Build.0 = Debug|Any CPU
		{59B00ECF-9E73-4384-AA6C-5B4ACE2EFEEC}.Debug|x86.ActiveCfg = Debug|Any CPU
		{59B00ECF-9E73-4384-AA6C-5B4ACE2EFEEC}.Debug|x86.Build.0 = Debug|Any CPU
		{59B00ECF-9E73-4384-AA6C-5B4ACE2EFEEC}.Release|Any CPU.ActiveCfg = Release|Any CPU
		{59B00ECF-9E73-4384-AA6C-5B4ACE2EFEEC}.Release|Any CPU.Build.0 = Release|Any CPU
		{59B00ECF-9E73-4384-AA6C-5B4ACE2EFEEC}.Release|x64.ActiveCfg = Release|Any CPU
		{59B00ECF-9E73-4384-AA6C-5B4ACE2EFEEC}.Release|x64.Build.0 = Release|Any CPU
		{59B00ECF-9E73-4384-AA6C-5B4ACE2EFEEC}.Release|x86.ActiveCfg = Release|Any CPU
		{59B00ECF-9E73-4384-AA6C-5B4ACE2EFEEC}.Release|x86.Build.0 = Release|Any CPU
		{35FAEE0C-3536-4C26-B8AF-127DF9217EE7}.Debug|Any CPU.ActiveCfg = Debug|Any CPU
		{35FAEE0C-3536-4C26-B8AF-127DF9217EE7}.Debug|Any CPU.Build.0 = Debug|Any CPU
		{35FAEE0C-3536-4C26-B8AF-127DF9217EE7}.Debug|x64.ActiveCfg = Debug|Any CPU
		{35FAEE0C-3536-4C26-B8AF-127DF9217EE7}.Debug|x64.Build.0 = Debug|Any CPU
		{35FAEE0C-3536-4C26-B8AF-127DF9217EE7}.Debug|x86.ActiveCfg = Debug|Any CPU
		{35FAEE0C-3536-4C26-B8AF-127DF9217EE7}.Debug|x86.Build.0 = Debug|Any CPU
		{35FAEE0C-3536-4C26-B8AF-127DF9217EE7}.Release|Any CPU.ActiveCfg = Release|Any CPU
		{35FAEE0C-3536-4C26-B8AF-127DF9217EE7}.Release|Any CPU.Build.0 = Release|Any CPU
		{35FAEE0C-3536-4C26-B8AF-127DF9217EE7}.Release|x64.ActiveCfg = Release|Any CPU
		{35FAEE0C-3536-4C26-B8AF-127DF9217EE7}.Release|x64.Build.0 = Release|Any CPU
		{35FAEE0C-3536-4C26-B8AF-127DF9217EE7}.Release|x86.ActiveCfg = Release|Any CPU
		{35FAEE0C-3536-4C26-B8AF-127DF9217EE7}.Release|x86.Build.0 = Release|Any CPU
		{F63799A9-585F-4672-A1E0-F1A0D71F86D2}.Debug|Any CPU.ActiveCfg = Debug|Any CPU
		{F63799A9-585F-4672-A1E0-F1A0D71F86D2}.Debug|Any CPU.Build.0 = Debug|Any CPU
		{F63799A9-585F-4672-A1E0-F1A0D71F86D2}.Debug|x64.ActiveCfg = Debug|Any CPU
		{F63799A9-585F-4672-A1E0-F1A0D71F86D2}.Debug|x64.Build.0 = Debug|Any CPU
		{F63799A9-585F-4672-A1E0-F1A0D71F86D2}.Debug|x86.ActiveCfg = Debug|Any CPU
		{F63799A9-585F-4672-A1E0-F1A0D71F86D2}.Debug|x86.Build.0 = Debug|Any CPU
		{F63799A9-585F-4672-A1E0-F1A0D71F86D2}.Release|Any CPU.ActiveCfg = Release|Any CPU
		{F63799A9-585F-4672-A1E0-F1A0D71F86D2}.Release|Any CPU.Build.0 = Release|Any CPU
		{F63799A9-585F-4672-A1E0-F1A0D71F86D2}.Release|x64.ActiveCfg = Release|Any CPU
		{F63799A9-585F-4672-A1E0-F1A0D71F86D2}.Release|x64.Build.0 = Release|Any CPU
		{F63799A9-585F-4672-A1E0-F1A0D71F86D2}.Release|x86.ActiveCfg = Release|Any CPU
		{F63799A9-585F-4672-A1E0-F1A0D71F86D2}.Release|x86.Build.0 = Release|Any CPU
		{5EF0916D-A608-4571-9A57-3E2EC0934384}.Debug|Any CPU.ActiveCfg = Debug|Any CPU
		{5EF0916D-A608-4571-9A57-3E2EC0934384}.Debug|Any CPU.Build.0 = Debug|Any CPU
		{5EF0916D-A608-4571-9A57-3E2EC0934384}.Debug|x64.ActiveCfg = Debug|Any CPU
		{5EF0916D-A608-4571-9A57-3E2EC0934384}.Debug|x64.Build.0 = Debug|Any CPU
		{5EF0916D-A608-4571-9A57-3E2EC0934384}.Debug|x86.ActiveCfg = Debug|Any CPU
		{5EF0916D-A608-4571-9A57-3E2EC0934384}.Debug|x86.Build.0 = Debug|Any CPU
		{5EF0916D-A608-4571-9A57-3E2EC0934384}.Release|Any CPU.ActiveCfg = Release|Any CPU
		{5EF0916D-A608-4571-9A57-3E2EC0934384}.Release|Any CPU.Build.0 = Release|Any CPU
		{5EF0916D-A608-4571-9A57-3E2EC0934384}.Release|x64.ActiveCfg = Release|Any CPU
		{5EF0916D-A608-4571-9A57-3E2EC0934384}.Release|x64.Build.0 = Release|Any CPU
		{5EF0916D-A608-4571-9A57-3E2EC0934384}.Release|x86.ActiveCfg = Release|Any CPU
		{5EF0916D-A608-4571-9A57-3E2EC0934384}.Release|x86.Build.0 = Release|Any CPU
		{808BB14A-3133-4CF9-A7AA-DB28D49943F5}.Debug|Any CPU.ActiveCfg = Debug|Any CPU
		{808BB14A-3133-4CF9-A7AA-DB28D49943F5}.Debug|Any CPU.Build.0 = Debug|Any CPU
		{808BB14A-3133-4CF9-A7AA-DB28D49943F5}.Debug|x64.ActiveCfg = Debug|Any CPU
		{808BB14A-3133-4CF9-A7AA-DB28D49943F5}.Debug|x64.Build.0 = Debug|Any CPU
		{808BB14A-3133-4CF9-A7AA-DB28D49943F5}.Debug|x86.ActiveCfg = Debug|Any CPU
		{808BB14A-3133-4CF9-A7AA-DB28D49943F5}.Debug|x86.Build.0 = Debug|Any CPU
		{808BB14A-3133-4CF9-A7AA-DB28D49943F5}.Release|Any CPU.ActiveCfg = Release|Any CPU
		{808BB14A-3133-4CF9-A7AA-DB28D49943F5}.Release|Any CPU.Build.0 = Release|Any CPU
		{808BB14A-3133-4CF9-A7AA-DB28D49943F5}.Release|x64.ActiveCfg = Release|Any CPU
		{808BB14A-3133-4CF9-A7AA-DB28D49943F5}.Release|x64.Build.0 = Release|Any CPU
		{808BB14A-3133-4CF9-A7AA-DB28D49943F5}.Release|x86.ActiveCfg = Release|Any CPU
		{808BB14A-3133-4CF9-A7AA-DB28D49943F5}.Release|x86.Build.0 = Release|Any CPU
		{8A065035-60FE-4141-8644-49468F7AFED5}.Debug|Any CPU.ActiveCfg = Debug|Any CPU
		{8A065035-60FE-4141-8644-49468F7AFED5}.Debug|Any CPU.Build.0 = Debug|Any CPU
		{8A065035-60FE-4141-8644-49468F7AFED5}.Debug|x64.ActiveCfg = Debug|Any CPU
		{8A065035-60FE-4141-8644-49468F7AFED5}.Debug|x64.Build.0 = Debug|Any CPU
		{8A065035-60FE-4141-8644-49468F7AFED5}.Debug|x86.ActiveCfg = Debug|Any CPU
		{8A065035-60FE-4141-8644-49468F7AFED5}.Debug|x86.Build.0 = Debug|Any CPU
		{8A065035-60FE-4141-8644-49468F7AFED5}.Release|Any CPU.ActiveCfg = Release|Any CPU
		{8A065035-60FE-4141-8644-49468F7AFED5}.Release|Any CPU.Build.0 = Release|Any CPU
		{8A065035-60FE-4141-8644-49468F7AFED5}.Release|x64.ActiveCfg = Release|Any CPU
		{8A065035-60FE-4141-8644-49468F7AFED5}.Release|x64.Build.0 = Release|Any CPU
		{8A065035-60FE-4141-8644-49468F7AFED5}.Release|x86.ActiveCfg = Release|Any CPU
		{8A065035-60FE-4141-8644-49468F7AFED5}.Release|x86.Build.0 = Release|Any CPU
		{AFCC68AA-5149-4A9C-9B5E-07324541C310}.Debug|Any CPU.ActiveCfg = Debug|Any CPU
		{AFCC68AA-5149-4A9C-9B5E-07324541C310}.Debug|Any CPU.Build.0 = Debug|Any CPU
		{AFCC68AA-5149-4A9C-9B5E-07324541C310}.Debug|x64.ActiveCfg = Debug|Any CPU
		{AFCC68AA-5149-4A9C-9B5E-07324541C310}.Debug|x64.Build.0 = Debug|Any CPU
		{AFCC68AA-5149-4A9C-9B5E-07324541C310}.Debug|x86.ActiveCfg = Debug|Any CPU
		{AFCC68AA-5149-4A9C-9B5E-07324541C310}.Debug|x86.Build.0 = Debug|Any CPU
		{AFCC68AA-5149-4A9C-9B5E-07324541C310}.Release|Any CPU.ActiveCfg = Release|Any CPU
		{AFCC68AA-5149-4A9C-9B5E-07324541C310}.Release|Any CPU.Build.0 = Release|Any CPU
		{AFCC68AA-5149-4A9C-9B5E-07324541C310}.Release|x64.ActiveCfg = Release|Any CPU
		{AFCC68AA-5149-4A9C-9B5E-07324541C310}.Release|x64.Build.0 = Release|Any CPU
		{AFCC68AA-5149-4A9C-9B5E-07324541C310}.Release|x86.ActiveCfg = Release|Any CPU
		{AFCC68AA-5149-4A9C-9B5E-07324541C310}.Release|x86.Build.0 = Release|Any CPU
		{966B64F3-9C6F-4CDF-AD7B-0BA699FE36AC}.Debug|Any CPU.ActiveCfg = Debug|Any CPU
		{966B64F3-9C6F-4CDF-AD7B-0BA699FE36AC}.Debug|Any CPU.Build.0 = Debug|Any CPU
		{966B64F3-9C6F-4CDF-AD7B-0BA699FE36AC}.Debug|x64.ActiveCfg = Debug|Any CPU
		{966B64F3-9C6F-4CDF-AD7B-0BA699FE36AC}.Debug|x64.Build.0 = Debug|Any CPU
		{966B64F3-9C6F-4CDF-AD7B-0BA699FE36AC}.Debug|x86.ActiveCfg = Debug|Any CPU
		{966B64F3-9C6F-4CDF-AD7B-0BA699FE36AC}.Debug|x86.Build.0 = Debug|Any CPU
		{966B64F3-9C6F-4CDF-AD7B-0BA699FE36AC}.Release|Any CPU.ActiveCfg = Release|Any CPU
		{966B64F3-9C6F-4CDF-AD7B-0BA699FE36AC}.Release|Any CPU.Build.0 = Release|Any CPU
		{966B64F3-9C6F-4CDF-AD7B-0BA699FE36AC}.Release|x64.ActiveCfg = Release|Any CPU
		{966B64F3-9C6F-4CDF-AD7B-0BA699FE36AC}.Release|x64.Build.0 = Release|Any CPU
		{966B64F3-9C6F-4CDF-AD7B-0BA699FE36AC}.Release|x86.ActiveCfg = Release|Any CPU
		{966B64F3-9C6F-4CDF-AD7B-0BA699FE36AC}.Release|x86.Build.0 = Release|Any CPU
		{4DE4BF53-89DC-4035-88D6-CD7983FFFED7}.Debug|Any CPU.ActiveCfg = Debug|Any CPU
		{4DE4BF53-89DC-4035-88D6-CD7983FFFED7}.Debug|Any CPU.Build.0 = Debug|Any CPU
		{4DE4BF53-89DC-4035-88D6-CD7983FFFED7}.Debug|x64.ActiveCfg = Debug|Any CPU
		{4DE4BF53-89DC-4035-88D6-CD7983FFFED7}.Debug|x64.Build.0 = Debug|Any CPU
		{4DE4BF53-89DC-4035-88D6-CD7983FFFED7}.Debug|x86.ActiveCfg = Debug|Any CPU
		{4DE4BF53-89DC-4035-88D6-CD7983FFFED7}.Debug|x86.Build.0 = Debug|Any CPU
		{4DE4BF53-89DC-4035-88D6-CD7983FFFED7}.Release|Any CPU.ActiveCfg = Release|Any CPU
		{4DE4BF53-89DC-4035-88D6-CD7983FFFED7}.Release|Any CPU.Build.0 = Release|Any CPU
		{4DE4BF53-89DC-4035-88D6-CD7983FFFED7}.Release|x64.ActiveCfg = Release|Any CPU
		{4DE4BF53-89DC-4035-88D6-CD7983FFFED7}.Release|x64.Build.0 = Release|Any CPU
		{4DE4BF53-89DC-4035-88D6-CD7983FFFED7}.Release|x86.ActiveCfg = Release|Any CPU
		{4DE4BF53-89DC-4035-88D6-CD7983FFFED7}.Release|x86.Build.0 = Release|Any CPU
		{BDEBC299-A0B2-42BA-8CA7-15136BB5B745}.Debug|Any CPU.ActiveCfg = Debug|Any CPU
		{BDEBC299-A0B2-42BA-8CA7-15136BB5B745}.Debug|Any CPU.Build.0 = Debug|Any CPU
		{BDEBC299-A0B2-42BA-8CA7-15136BB5B745}.Debug|x64.ActiveCfg = Debug|Any CPU
		{BDEBC299-A0B2-42BA-8CA7-15136BB5B745}.Debug|x64.Build.0 = Debug|Any CPU
		{BDEBC299-A0B2-42BA-8CA7-15136BB5B745}.Debug|x86.ActiveCfg = Debug|Any CPU
		{BDEBC299-A0B2-42BA-8CA7-15136BB5B745}.Debug|x86.Build.0 = Debug|Any CPU
		{BDEBC299-A0B2-42BA-8CA7-15136BB5B745}.Release|Any CPU.ActiveCfg = Release|Any CPU
		{BDEBC299-A0B2-42BA-8CA7-15136BB5B745}.Release|Any CPU.Build.0 = Release|Any CPU
		{BDEBC299-A0B2-42BA-8CA7-15136BB5B745}.Release|x64.ActiveCfg = Release|Any CPU
		{BDEBC299-A0B2-42BA-8CA7-15136BB5B745}.Release|x64.Build.0 = Release|Any CPU
		{BDEBC299-A0B2-42BA-8CA7-15136BB5B745}.Release|x86.ActiveCfg = Release|Any CPU
		{BDEBC299-A0B2-42BA-8CA7-15136BB5B745}.Release|x86.Build.0 = Release|Any CPU
		{86FCFEB2-A8B3-4A79-8AD2-B324A2D90240}.Debug|Any CPU.ActiveCfg = Debug|Any CPU
		{86FCFEB2-A8B3-4A79-8AD2-B324A2D90240}.Debug|Any CPU.Build.0 = Debug|Any CPU
		{86FCFEB2-A8B3-4A79-8AD2-B324A2D90240}.Debug|x64.ActiveCfg = Debug|Any CPU
		{86FCFEB2-A8B3-4A79-8AD2-B324A2D90240}.Debug|x64.Build.0 = Debug|Any CPU
		{86FCFEB2-A8B3-4A79-8AD2-B324A2D90240}.Debug|x86.ActiveCfg = Debug|Any CPU
		{86FCFEB2-A8B3-4A79-8AD2-B324A2D90240}.Debug|x86.Build.0 = Debug|Any CPU
		{86FCFEB2-A8B3-4A79-8AD2-B324A2D90240}.Release|Any CPU.ActiveCfg = Release|Any CPU
		{86FCFEB2-A8B3-4A79-8AD2-B324A2D90240}.Release|Any CPU.Build.0 = Release|Any CPU
		{86FCFEB2-A8B3-4A79-8AD2-B324A2D90240}.Release|x64.ActiveCfg = Release|Any CPU
		{86FCFEB2-A8B3-4A79-8AD2-B324A2D90240}.Release|x64.Build.0 = Release|Any CPU
		{86FCFEB2-A8B3-4A79-8AD2-B324A2D90240}.Release|x86.ActiveCfg = Release|Any CPU
		{86FCFEB2-A8B3-4A79-8AD2-B324A2D90240}.Release|x86.Build.0 = Release|Any CPU
		{E76790DE-A7E2-49EF-A9AD-AC5AA8BAAA28}.Debug|Any CPU.ActiveCfg = Debug|Any CPU
		{E76790DE-A7E2-49EF-A9AD-AC5AA8BAAA28}.Debug|Any CPU.Build.0 = Debug|Any CPU
		{E76790DE-A7E2-49EF-A9AD-AC5AA8BAAA28}.Debug|x64.ActiveCfg = Debug|Any CPU
		{E76790DE-A7E2-49EF-A9AD-AC5AA8BAAA28}.Debug|x64.Build.0 = Debug|Any CPU
		{E76790DE-A7E2-49EF-A9AD-AC5AA8BAAA28}.Debug|x86.ActiveCfg = Debug|Any CPU
		{E76790DE-A7E2-49EF-A9AD-AC5AA8BAAA28}.Debug|x86.Build.0 = Debug|Any CPU
		{E76790DE-A7E2-49EF-A9AD-AC5AA8BAAA28}.Release|Any CPU.ActiveCfg = Release|Any CPU
		{E76790DE-A7E2-49EF-A9AD-AC5AA8BAAA28}.Release|Any CPU.Build.0 = Release|Any CPU
		{E76790DE-A7E2-49EF-A9AD-AC5AA8BAAA28}.Release|x64.ActiveCfg = Release|Any CPU
		{E76790DE-A7E2-49EF-A9AD-AC5AA8BAAA28}.Release|x64.Build.0 = Release|Any CPU
		{E76790DE-A7E2-49EF-A9AD-AC5AA8BAAA28}.Release|x86.ActiveCfg = Release|Any CPU
		{E76790DE-A7E2-49EF-A9AD-AC5AA8BAAA28}.Release|x86.Build.0 = Release|Any CPU
		{2368C639-B46E-4EAE-AE04-2CABFE1276A0}.Debug|Any CPU.ActiveCfg = Debug|Any CPU
		{2368C639-B46E-4EAE-AE04-2CABFE1276A0}.Debug|Any CPU.Build.0 = Debug|Any CPU
		{2368C639-B46E-4EAE-AE04-2CABFE1276A0}.Debug|x64.ActiveCfg = Debug|Any CPU
		{2368C639-B46E-4EAE-AE04-2CABFE1276A0}.Debug|x64.Build.0 = Debug|Any CPU
		{2368C639-B46E-4EAE-AE04-2CABFE1276A0}.Debug|x86.ActiveCfg = Debug|Any CPU
		{2368C639-B46E-4EAE-AE04-2CABFE1276A0}.Debug|x86.Build.0 = Debug|Any CPU
		{2368C639-B46E-4EAE-AE04-2CABFE1276A0}.Release|Any CPU.ActiveCfg = Release|Any CPU
		{2368C639-B46E-4EAE-AE04-2CABFE1276A0}.Release|Any CPU.Build.0 = Release|Any CPU
		{2368C639-B46E-4EAE-AE04-2CABFE1276A0}.Release|x64.ActiveCfg = Release|Any CPU
		{2368C639-B46E-4EAE-AE04-2CABFE1276A0}.Release|x64.Build.0 = Release|Any CPU
		{2368C639-B46E-4EAE-AE04-2CABFE1276A0}.Release|x86.ActiveCfg = Release|Any CPU
		{2368C639-B46E-4EAE-AE04-2CABFE1276A0}.Release|x86.Build.0 = Release|Any CPU
		{3F251AE5-1B69-4394-BBF7-5990C7F7E262}.Debug|Any CPU.ActiveCfg = Debug|Any CPU
		{3F251AE5-1B69-4394-BBF7-5990C7F7E262}.Debug|Any CPU.Build.0 = Debug|Any CPU
		{3F251AE5-1B69-4394-BBF7-5990C7F7E262}.Debug|x64.ActiveCfg = Debug|Any CPU
		{3F251AE5-1B69-4394-BBF7-5990C7F7E262}.Debug|x64.Build.0 = Debug|Any CPU
		{3F251AE5-1B69-4394-BBF7-5990C7F7E262}.Debug|x86.ActiveCfg = Debug|Any CPU
		{3F251AE5-1B69-4394-BBF7-5990C7F7E262}.Debug|x86.Build.0 = Debug|Any CPU
		{3F251AE5-1B69-4394-BBF7-5990C7F7E262}.Release|Any CPU.ActiveCfg = Release|Any CPU
		{3F251AE5-1B69-4394-BBF7-5990C7F7E262}.Release|Any CPU.Build.0 = Release|Any CPU
		{3F251AE5-1B69-4394-BBF7-5990C7F7E262}.Release|x64.ActiveCfg = Release|Any CPU
		{3F251AE5-1B69-4394-BBF7-5990C7F7E262}.Release|x64.Build.0 = Release|Any CPU
		{3F251AE5-1B69-4394-BBF7-5990C7F7E262}.Release|x86.ActiveCfg = Release|Any CPU
		{3F251AE5-1B69-4394-BBF7-5990C7F7E262}.Release|x86.Build.0 = Release|Any CPU
		{84EE3227-35B7-4792-8613-EDF4084846BB}.Debug|Any CPU.ActiveCfg = Debug|Any CPU
		{84EE3227-35B7-4792-8613-EDF4084846BB}.Debug|Any CPU.Build.0 = Debug|Any CPU
		{84EE3227-35B7-4792-8613-EDF4084846BB}.Debug|x64.ActiveCfg = Debug|Any CPU
		{84EE3227-35B7-4792-8613-EDF4084846BB}.Debug|x64.Build.0 = Debug|Any CPU
		{84EE3227-35B7-4792-8613-EDF4084846BB}.Debug|x86.ActiveCfg = Debug|Any CPU
		{84EE3227-35B7-4792-8613-EDF4084846BB}.Debug|x86.Build.0 = Debug|Any CPU
		{84EE3227-35B7-4792-8613-EDF4084846BB}.Release|Any CPU.ActiveCfg = Release|Any CPU
		{84EE3227-35B7-4792-8613-EDF4084846BB}.Release|Any CPU.Build.0 = Release|Any CPU
		{84EE3227-35B7-4792-8613-EDF4084846BB}.Release|x64.ActiveCfg = Release|Any CPU
		{84EE3227-35B7-4792-8613-EDF4084846BB}.Release|x64.Build.0 = Release|Any CPU
		{84EE3227-35B7-4792-8613-EDF4084846BB}.Release|x86.ActiveCfg = Release|Any CPU
		{84EE3227-35B7-4792-8613-EDF4084846BB}.Release|x86.Build.0 = Release|Any CPU
		{39350130-53A0-4AAA-A7BE-D0A2AA5C21FB}.Debug|Any CPU.ActiveCfg = Debug|Any CPU
		{39350130-53A0-4AAA-A7BE-D0A2AA5C21FB}.Debug|Any CPU.Build.0 = Debug|Any CPU
		{39350130-53A0-4AAA-A7BE-D0A2AA5C21FB}.Debug|x64.ActiveCfg = Debug|Any CPU
		{39350130-53A0-4AAA-A7BE-D0A2AA5C21FB}.Debug|x64.Build.0 = Debug|Any CPU
		{39350130-53A0-4AAA-A7BE-D0A2AA5C21FB}.Debug|x86.ActiveCfg = Debug|Any CPU
		{39350130-53A0-4AAA-A7BE-D0A2AA5C21FB}.Debug|x86.Build.0 = Debug|Any CPU
		{39350130-53A0-4AAA-A7BE-D0A2AA5C21FB}.Release|Any CPU.ActiveCfg = Release|Any CPU
		{39350130-53A0-4AAA-A7BE-D0A2AA5C21FB}.Release|Any CPU.Build.0 = Release|Any CPU
		{39350130-53A0-4AAA-A7BE-D0A2AA5C21FB}.Release|x64.ActiveCfg = Release|Any CPU
		{39350130-53A0-4AAA-A7BE-D0A2AA5C21FB}.Release|x64.Build.0 = Release|Any CPU
		{39350130-53A0-4AAA-A7BE-D0A2AA5C21FB}.Release|x86.ActiveCfg = Release|Any CPU
		{39350130-53A0-4AAA-A7BE-D0A2AA5C21FB}.Release|x86.Build.0 = Release|Any CPU
		{25B2503F-6251-429E-A83B-DB0B3D0E4088}.Debug|Any CPU.ActiveCfg = Debug|Any CPU
		{25B2503F-6251-429E-A83B-DB0B3D0E4088}.Debug|Any CPU.Build.0 = Debug|Any CPU
		{25B2503F-6251-429E-A83B-DB0B3D0E4088}.Debug|x64.ActiveCfg = Debug|Any CPU
		{25B2503F-6251-429E-A83B-DB0B3D0E4088}.Debug|x64.Build.0 = Debug|Any CPU
		{25B2503F-6251-429E-A83B-DB0B3D0E4088}.Debug|x86.ActiveCfg = Debug|Any CPU
		{25B2503F-6251-429E-A83B-DB0B3D0E4088}.Debug|x86.Build.0 = Debug|Any CPU
		{25B2503F-6251-429E-A83B-DB0B3D0E4088}.Release|Any CPU.ActiveCfg = Release|Any CPU
		{25B2503F-6251-429E-A83B-DB0B3D0E4088}.Release|Any CPU.Build.0 = Release|Any CPU
		{25B2503F-6251-429E-A83B-DB0B3D0E4088}.Release|x64.ActiveCfg = Release|Any CPU
		{25B2503F-6251-429E-A83B-DB0B3D0E4088}.Release|x64.Build.0 = Release|Any CPU
		{25B2503F-6251-429E-A83B-DB0B3D0E4088}.Release|x86.ActiveCfg = Release|Any CPU
		{25B2503F-6251-429E-A83B-DB0B3D0E4088}.Release|x86.Build.0 = Release|Any CPU
		{624C2582-A9C3-45E8-B534-C7C0AE96394E}.Debug|Any CPU.ActiveCfg = Debug|Any CPU
		{624C2582-A9C3-45E8-B534-C7C0AE96394E}.Debug|Any CPU.Build.0 = Debug|Any CPU
		{624C2582-A9C3-45E8-B534-C7C0AE96394E}.Debug|x64.ActiveCfg = Debug|Any CPU
		{624C2582-A9C3-45E8-B534-C7C0AE96394E}.Debug|x64.Build.0 = Debug|Any CPU
		{624C2582-A9C3-45E8-B534-C7C0AE96394E}.Debug|x86.ActiveCfg = Debug|Any CPU
		{624C2582-A9C3-45E8-B534-C7C0AE96394E}.Debug|x86.Build.0 = Debug|Any CPU
		{624C2582-A9C3-45E8-B534-C7C0AE96394E}.Release|Any CPU.ActiveCfg = Release|Any CPU
		{624C2582-A9C3-45E8-B534-C7C0AE96394E}.Release|Any CPU.Build.0 = Release|Any CPU
		{624C2582-A9C3-45E8-B534-C7C0AE96394E}.Release|x64.ActiveCfg = Release|Any CPU
		{624C2582-A9C3-45E8-B534-C7C0AE96394E}.Release|x64.Build.0 = Release|Any CPU
		{624C2582-A9C3-45E8-B534-C7C0AE96394E}.Release|x86.ActiveCfg = Release|Any CPU
		{624C2582-A9C3-45E8-B534-C7C0AE96394E}.Release|x86.Build.0 = Release|Any CPU
		{B2F30D52-C33E-46AE-80D1-8A2513763591}.Debug|Any CPU.ActiveCfg = Debug|Any CPU
		{B2F30D52-C33E-46AE-80D1-8A2513763591}.Debug|Any CPU.Build.0 = Debug|Any CPU
		{B2F30D52-C33E-46AE-80D1-8A2513763591}.Debug|x64.ActiveCfg = Debug|Any CPU
		{B2F30D52-C33E-46AE-80D1-8A2513763591}.Debug|x64.Build.0 = Debug|Any CPU
		{B2F30D52-C33E-46AE-80D1-8A2513763591}.Debug|x86.ActiveCfg = Debug|Any CPU
		{B2F30D52-C33E-46AE-80D1-8A2513763591}.Debug|x86.Build.0 = Debug|Any CPU
		{B2F30D52-C33E-46AE-80D1-8A2513763591}.Release|Any CPU.ActiveCfg = Release|Any CPU
		{B2F30D52-C33E-46AE-80D1-8A2513763591}.Release|Any CPU.Build.0 = Release|Any CPU
		{B2F30D52-C33E-46AE-80D1-8A2513763591}.Release|x64.ActiveCfg = Release|Any CPU
		{B2F30D52-C33E-46AE-80D1-8A2513763591}.Release|x64.Build.0 = Release|Any CPU
		{B2F30D52-C33E-46AE-80D1-8A2513763591}.Release|x86.ActiveCfg = Release|Any CPU
		{B2F30D52-C33E-46AE-80D1-8A2513763591}.Release|x86.Build.0 = Release|Any CPU
		{1D22A208-5C67-4307-8EF2-A896558EE63D}.Debug|Any CPU.ActiveCfg = Debug|Any CPU
		{1D22A208-5C67-4307-8EF2-A896558EE63D}.Debug|Any CPU.Build.0 = Debug|Any CPU
		{1D22A208-5C67-4307-8EF2-A896558EE63D}.Debug|x64.ActiveCfg = Debug|Any CPU
		{1D22A208-5C67-4307-8EF2-A896558EE63D}.Debug|x64.Build.0 = Debug|Any CPU
		{1D22A208-5C67-4307-8EF2-A896558EE63D}.Debug|x86.ActiveCfg = Debug|Any CPU
		{1D22A208-5C67-4307-8EF2-A896558EE63D}.Debug|x86.Build.0 = Debug|Any CPU
		{1D22A208-5C67-4307-8EF2-A896558EE63D}.Release|Any CPU.ActiveCfg = Release|Any CPU
		{1D22A208-5C67-4307-8EF2-A896558EE63D}.Release|Any CPU.Build.0 = Release|Any CPU
		{1D22A208-5C67-4307-8EF2-A896558EE63D}.Release|x64.ActiveCfg = Release|Any CPU
		{1D22A208-5C67-4307-8EF2-A896558EE63D}.Release|x64.Build.0 = Release|Any CPU
		{1D22A208-5C67-4307-8EF2-A896558EE63D}.Release|x86.ActiveCfg = Release|Any CPU
		{1D22A208-5C67-4307-8EF2-A896558EE63D}.Release|x86.Build.0 = Release|Any CPU
		{57EA4645-2E71-434D-9F01-291424197E4F}.Debug|Any CPU.ActiveCfg = Debug|Any CPU
		{57EA4645-2E71-434D-9F01-291424197E4F}.Debug|Any CPU.Build.0 = Debug|Any CPU
		{57EA4645-2E71-434D-9F01-291424197E4F}.Debug|x64.ActiveCfg = Debug|Any CPU
		{57EA4645-2E71-434D-9F01-291424197E4F}.Debug|x64.Build.0 = Debug|Any CPU
		{57EA4645-2E71-434D-9F01-291424197E4F}.Debug|x86.ActiveCfg = Debug|Any CPU
		{57EA4645-2E71-434D-9F01-291424197E4F}.Debug|x86.Build.0 = Debug|Any CPU
		{57EA4645-2E71-434D-9F01-291424197E4F}.Release|Any CPU.ActiveCfg = Release|Any CPU
		{57EA4645-2E71-434D-9F01-291424197E4F}.Release|Any CPU.Build.0 = Release|Any CPU
		{57EA4645-2E71-434D-9F01-291424197E4F}.Release|x64.ActiveCfg = Release|Any CPU
		{57EA4645-2E71-434D-9F01-291424197E4F}.Release|x64.Build.0 = Release|Any CPU
		{57EA4645-2E71-434D-9F01-291424197E4F}.Release|x86.ActiveCfg = Release|Any CPU
		{57EA4645-2E71-434D-9F01-291424197E4F}.Release|x86.Build.0 = Release|Any CPU
	EndGlobalSection
	GlobalSection(SolutionProperties) = preSolution
		HideSolutionNode = FALSE
	EndGlobalSection
	GlobalSection(NestedProjects) = preSolution
		{B1C2D3E4-F5A6-7890-BCDE-F12345678901} = {A1B2C3D4-E5F6-7890-ABCD-EF1234567890}
		{11111111-1111-1111-1111-111111111101} = {B1C2D3E4-F5A6-7890-BCDE-F12345678901}
		{11111111-1111-1111-1111-111111111102} = {B1C2D3E4-F5A6-7890-BCDE-F12345678901}
		{11111111-1111-1111-1111-111111111103} = {B1C2D3E4-F5A6-7890-BCDE-F12345678901}
		{11111111-1111-1111-1111-111111111104} = {B1C2D3E4-F5A6-7890-BCDE-F12345678901}
		{51A891F3-9D8C-4994-80BA-3A0D788ACB9E} = {A1B2C3D4-E5F6-7890-ABCD-EF1234567890}
		{F90D6286-76AA-7CCF-75DB-5BF784F52E9C} = {A1B2C3D4-E5F6-7890-ABCD-EF1234567890}
		{DC0BA40B-519F-96C9-0F40-A7E0B78742CF} = {F90D6286-76AA-7CCF-75DB-5BF784F52E9C}
		{DB3E1DB9-303A-4F95-B904-ED70B47AEA50} = {DC0BA40B-519F-96C9-0F40-A7E0B78742CF}
		{08AA5961-EC71-4DBB-8BE4-B179EF12A292} = {DC0BA40B-519F-96C9-0F40-A7E0B78742CF}
		{738583E2-EA09-47DD-8D47-331ED776B730} = {DC0BA40B-519F-96C9-0F40-A7E0B78742CF}
		{84FE6B09-A049-4862-99D4-C0EC77BA86C0} = {DC0BA40B-519F-96C9-0F40-A7E0B78742CF}
		{48D89D81-CB60-D266-9AE4-28E86273A196} = {F90D6286-76AA-7CCF-75DB-5BF784F52E9C}
		{AC742B42-11D0-4962-AF03-8B03F8BA7EE5} = {48D89D81-CB60-D266-9AE4-28E86273A196}
		{C89DCB2D-3E1F-4373-893C-EB431D27E95D} = {48D89D81-CB60-D266-9AE4-28E86273A196}
		{9BB1B1FB-33D1-4FD8-9A63-584B78D23D76} = {48D89D81-CB60-D266-9AE4-28E86273A196}
		{ADBECB28-44AB-405E-81EE-BF8321F87868} = {48D89D81-CB60-D266-9AE4-28E86273A196}
		{009576B6-1559-549E-1C8E-E0852E5B8D0B} = {F90D6286-76AA-7CCF-75DB-5BF784F52E9C}
		{0B29E266-6C43-43C6-A0C2-25B975DC68CC} = {009576B6-1559-549E-1C8E-E0852E5B8D0B}
		{EB6C72DC-F1D6-4303-AF3C-D1047FD77429} = {009576B6-1559-549E-1C8E-E0852E5B8D0B}
		{C3B22575-0E01-42F2-B9E0-C745D87CBD05} = {009576B6-1559-549E-1C8E-E0852E5B8D0B}
		{3A038697-E34E-4EAB-BD58-568F660B060B} = {009576B6-1559-549E-1C8E-E0852E5B8D0B}
		{DB485CB3-A9EA-4B1F-96F1-B7FB65715BF6} = {F90D6286-76AA-7CCF-75DB-5BF784F52E9C}
		{310F9D2B-F6F8-4334-B87E-4233F5466DB8} = {DB485CB3-A9EA-4B1F-96F1-B7FB65715BF6}
		{C338C6B8-F0F5-4C25-934C-BA98144992D6} = {DB485CB3-A9EA-4B1F-96F1-B7FB65715BF6}
		{6EEA9E8C-C3B4-497B-9D16-DA94C2DD3F7B} = {DB485CB3-A9EA-4B1F-96F1-B7FB65715BF6}
		{7DA8EF76-49F1-438C-9A8F-B04E5203FD96} = {DB485CB3-A9EA-4B1F-96F1-B7FB65715BF6}
		{A59E83A5-F876-2CE3-4CCB-F6064E8A784A} = {F90D6286-76AA-7CCF-75DB-5BF784F52E9C}
		{641B2B4E-C765-4151-A855-56036FA9845C} = {A59E83A5-F876-2CE3-4CCB-F6064E8A784A}
		{3C199263-9571-4C64-982E-6C58378D5A55} = {A59E83A5-F876-2CE3-4CCB-F6064E8A784A}
		{68A9DDBA-D05A-4ACF-975C-AC36E648288A} = {A59E83A5-F876-2CE3-4CCB-F6064E8A784A}
		{01A25120-5BDF-44E6-8F4C-406BCC81C312} = {A59E83A5-F876-2CE3-4CCB-F6064E8A784A}
		{90669BC6-A6D9-0B12-498D-11C6A4AF6AB1} = {F90D6286-76AA-7CCF-75DB-5BF784F52E9C}
		{3DEED827-A2C6-4EBE-BC24-E29550A6656A} = {90669BC6-A6D9-0B12-498D-11C6A4AF6AB1}
		{69F4B313-3C8F-41CA-A500-A2960A35447B} = {90669BC6-A6D9-0B12-498D-11C6A4AF6AB1}
		{948860B6-634B-4538-9323-D85FB322591E} = {90669BC6-A6D9-0B12-498D-11C6A4AF6AB1}
		{0E157AA4-F403-4CB2-A59A-ABF9FA8BA14E} = {90669BC6-A6D9-0B12-498D-11C6A4AF6AB1}
		{372703E3-4E56-4A44-89B2-CBEC7C8463C2} = {90669BC6-A6D9-0B12-498D-11C6A4AF6AB1}
		{50C5872D-E70C-DE6E-5E04-976BA9BECEBF} = {CA253913-39DE-BFD0-C9A3-4B7EC6FBDF17}
		{A2AAF0C8-516C-4B9D-959F-2DC2220A3F68} = {50C5872D-E70C-DE6E-5E04-976BA9BECEBF}
		{11DC89DF-6D07-4549-A788-4D3BE0BF932A} = {50C5872D-E70C-DE6E-5E04-976BA9BECEBF}
		{3125AAC4-01A6-4992-888C-D934D1167D38} = {50C5872D-E70C-DE6E-5E04-976BA9BECEBF}
		{D57B5D06-8700-4B02-8B3E-A14C885B5730} = {50C5872D-E70C-DE6E-5E04-976BA9BECEBF}
		{59B00ECF-9E73-4384-AA6C-5B4ACE2EFEEC} = {50C5872D-E70C-DE6E-5E04-976BA9BECEBF}
		{35FAEE0C-3536-4C26-B8AF-127DF9217EE7} = {B1C2D3E4-F5A6-7890-BCDE-F12345678901}
		{F56ADE14-6F73-1AB9-73F1-9523CD9B0B52} = {F90D6286-76AA-7CCF-75DB-5BF784F52E9C}
		{F63799A9-585F-4672-A1E0-F1A0D71F86D2} = {F56ADE14-6F73-1AB9-73F1-9523CD9B0B52}
		{5EF0916D-A608-4571-9A57-3E2EC0934384} = {F56ADE14-6F73-1AB9-73F1-9523CD9B0B52}
		{DAA3D59F-91A7-5830-D8D2-386728AEED93} = {F90D6286-76AA-7CCF-75DB-5BF784F52E9C}
		{808BB14A-3133-4CF9-A7AA-DB28D49943F5} = {F56ADE14-6F73-1AB9-73F1-9523CD9B0B52}
		{8A065035-60FE-4141-8644-49468F7AFED5} = {F56ADE14-6F73-1AB9-73F1-9523CD9B0B52}
		{AFCC68AA-5149-4A9C-9B5E-07324541C310} = {B1C2D3E4-F5A6-7890-BCDE-F12345678901}
		{966B64F3-9C6F-4CDF-AD7B-0BA699FE36AC} = {B1C2D3E4-F5A6-7890-BCDE-F12345678901}
		{4DE4BF53-89DC-4035-88D6-CD7983FFFED7} = {B1C2D3E4-F5A6-7890-BCDE-F12345678901}
		{BDEBC299-A0B2-42BA-8CA7-15136BB5B745} = {DC0BA40B-519F-96C9-0F40-A7E0B78742CF}
		{86FCFEB2-A8B3-4A79-8AD2-B324A2D90240} = {DB485CB3-A9EA-4B1F-96F1-B7FB65715BF6}
		{E76790DE-A7E2-49EF-A9AD-AC5AA8BAAA28} = {A59E83A5-F876-2CE3-4CCB-F6064E8A784A}
		{2368C639-B46E-4EAE-AE04-2CABFE1276A0} = {A59E83A5-F876-2CE3-4CCB-F6064E8A784A}
		{3F251AE5-1B69-4394-BBF7-5990C7F7E262} = {90669BC6-A6D9-0B12-498D-11C6A4AF6AB1}
		{84EE3227-35B7-4792-8613-EDF4084846BB} = {DAA3D59F-91A7-5830-D8D2-386728AEED93}
		{5B855C33-080D-4028-276A-B40FA461907E} = {A1B2C3D4-E5F6-7890-ABCD-EF1234567890}
		{39350130-53A0-4AAA-A7BE-D0A2AA5C21FB} = {5B855C33-080D-4028-276A-B40FA461907E}
		{62BA4111-E58B-435F-A61E-7EB37D557031} = {02EA681E-C7D8-13C7-8484-4AC65E1B71E8}
		{A86BC29A-15CF-6900-A89B-28314576A9B2} = {F90D6286-76AA-7CCF-75DB-5BF784F52E9C}
		{25B2503F-6251-429E-A83B-DB0B3D0E4088} = {A86BC29A-15CF-6900-A89B-28314576A9B2}
		{624C2582-A9C3-45E8-B534-C7C0AE96394E} = {A86BC29A-15CF-6900-A89B-28314576A9B2}
		{B2F30D52-C33E-46AE-80D1-8A2513763591} = {A86BC29A-15CF-6900-A89B-28314576A9B2}
		{1D22A208-5C67-4307-8EF2-A896558EE63D} = {A86BC29A-15CF-6900-A89B-28314576A9B2}
		{57EA4645-2E71-434D-9F01-291424197E4F} = {A86BC29A-15CF-6900-A89B-28314576A9B2}
	EndGlobalSection
	GlobalSection(ExtensibilityGlobals) = postSolution
		SolutionGuid = {7D034E33-ECCF-4BB7-9B49-452DBCC50A64}
	EndGlobalSection
EndGlobal
